// !$*UTF8*$!
{
	archiveVersion = 1;
	classes = {
	};
	objectVersion = 46;
	objects = {

/* Begin PBXBuildFile section */
		5D0124BB1EC9BAB6009C0955 /* RegisterViewController.swift in Sources */ = {isa = PBXBuildFile; fileRef = 5D0124BA1EC9BAB6009C0955 /* RegisterViewController.swift */; };
		5D0BBA8F1EFB6FEF00C40767 /* OrderListViewController.swift in Sources */ = {isa = PBXBuildFile; fileRef = 5D0BBA8E1EFB6FEF00C40767 /* OrderListViewController.swift */; };
		5D0BBA921EFB758E00C40767 /* OrderPageViewController.swift in Sources */ = {isa = PBXBuildFile; fileRef = 5D0BBA911EFB758E00C40767 /* OrderPageViewController.swift */; };
		5D0BBA941EFB760700C40767 /* OrderListChildViewController.swift in Sources */ = {isa = PBXBuildFile; fileRef = 5D0BBA931EFB760700C40767 /* OrderListChildViewController.swift */; };
		5D0BBA971EFB7A5000C40767 /* OrderTableViewCell.swift in Sources */ = {isa = PBXBuildFile; fileRef = 5D0BBA951EFB7A5000C40767 /* OrderTableViewCell.swift */; };
		5D0BBA981EFB7A5000C40767 /* OrderTableViewCell.xib in Resources */ = {isa = PBXBuildFile; fileRef = 5D0BBA961EFB7A5000C40767 /* OrderTableViewCell.xib */; };
		5D0BBA9A1EFB7D0E00C40767 /* OrderProfile.swift in Sources */ = {isa = PBXBuildFile; fileRef = 5D0BBA991EFB7D0E00C40767 /* OrderProfile.swift */; };
		5D0CDA2E1EFA71B70004513F /* Order.storyboard in Resources */ = {isa = PBXBuildFile; fileRef = 5D0CDA2D1EFA71B70004513F /* Order.storyboard */; };
		5D0CDA301EFA77940004513F /* OrderHistory.swift in Sources */ = {isa = PBXBuildFile; fileRef = 5D0CDA2F1EFA77940004513F /* OrderHistory.swift */; };
		5D0CDA341EFA79900004513F /* OrderHistoryTableViewCell.swift in Sources */ = {isa = PBXBuildFile; fileRef = 5D0CDA321EFA79900004513F /* OrderHistoryTableViewCell.swift */; };
		5D0CDA351EFA79900004513F /* OrderHistoryTableViewCell.xib in Resources */ = {isa = PBXBuildFile; fileRef = 5D0CDA331EFA79900004513F /* OrderHistoryTableViewCell.xib */; };
		5D0CDA381EFA7C4D0004513F /* Order.swift in Sources */ = {isa = PBXBuildFile; fileRef = 5D0CDA371EFA7C4D0004513F /* Order.swift */; };
		5D0CDA3A1EFA7DFE0004513F /* OrderHistoryViewController.swift in Sources */ = {isa = PBXBuildFile; fileRef = 5D0CDA391EFA7DFE0004513F /* OrderHistoryViewController.swift */; };
		5D1079871F017BD200176591 /* Alert.swift in Sources */ = {isa = PBXBuildFile; fileRef = 5D1079861F017BD200176591 /* Alert.swift */; };
		5D1622891EF5C3EA005D1546 /* ProductPreviewViewController.swift in Sources */ = {isa = PBXBuildFile; fileRef = 5D1622881EF5C3EA005D1546 /* ProductPreviewViewController.swift */; };
		5D1A220D1F0A5CD700F58DA4 /* TabBarBadge.swift in Sources */ = {isa = PBXBuildFile; fileRef = 5D1A220C1F0A5CD700F58DA4 /* TabBarBadge.swift */; };
		5D24EF371EC32A6E00B43A71 /* CategoryHomeTableViewCell.swift in Sources */ = {isa = PBXBuildFile; fileRef = 5D24EF361EC32A6E00B43A71 /* CategoryHomeTableViewCell.swift */; };
		5D24EF391EC32A8500B43A71 /* Category.swift in Sources */ = {isa = PBXBuildFile; fileRef = 5D24EF381EC32A8500B43A71 /* Category.swift */; };
		5D24EF3B1EC32A8D00B43A71 /* Product.swift in Sources */ = {isa = PBXBuildFile; fileRef = 5D24EF3A1EC32A8D00B43A71 /* Product.swift */; };
		5D24EF3D1EC32A9800B43A71 /* Review.swift in Sources */ = {isa = PBXBuildFile; fileRef = 5D24EF3C1EC32A9800B43A71 /* Review.swift */; };
		5D3914A81F0C3ECE008C0947 /* ChangeLanguageViewController.swift in Sources */ = {isa = PBXBuildFile; fileRef = 5D3914A71F0C3ECE008C0947 /* ChangeLanguageViewController.swift */; };
		5D46A21A1EEF34B600B7C269 /* ProductDetailTableViewCell.swift in Sources */ = {isa = PBXBuildFile; fileRef = 5D46A2181EEF34B600B7C269 /* ProductDetailTableViewCell.swift */; };
		5D46A21B1EEF34B600B7C269 /* ProductDetailTableViewCell.xib in Resources */ = {isa = PBXBuildFile; fileRef = 5D46A2191EEF34B600B7C269 /* ProductDetailTableViewCell.xib */; };
		5D46A21D1EEF368600B7C269 /* ProductDetail.swift in Sources */ = {isa = PBXBuildFile; fileRef = 5D46A21C1EEF368600B7C269 /* ProductDetail.swift */; };
		5D4AAD321EC9642000538E2E /* Font.swift in Sources */ = {isa = PBXBuildFile; fileRef = 5D4AAD311EC9642000538E2E /* Font.swift */; };
		5D4AAD361EC9685400538E2E /* ProductListCollectionViewCell.swift in Sources */ = {isa = PBXBuildFile; fileRef = 5D4AAD351EC9685400538E2E /* ProductListCollectionViewCell.swift */; };
		5D4EE7DE1F0B930B00CF48EE /* SearchResult.swift in Sources */ = {isa = PBXBuildFile; fileRef = 5D4EE7DD1F0B930B00CF48EE /* SearchResult.swift */; };
		5D52406A1F0ADC830083539A /* SearchController.swift in Sources */ = {isa = PBXBuildFile; fileRef = 5D5240691F0ADC830083539A /* SearchController.swift */; };
		5D52406D1F0AF3500083539A /* SearchTableViewCell.swift in Sources */ = {isa = PBXBuildFile; fileRef = 5D52406B1F0AF3500083539A /* SearchTableViewCell.swift */; };
		5D52406E1F0AF3500083539A /* SearchTableViewCell.xib in Resources */ = {isa = PBXBuildFile; fileRef = 5D52406C1F0AF3500083539A /* SearchTableViewCell.xib */; };
		5D542EA21EC96A9E00855EE0 /* User.swift in Sources */ = {isa = PBXBuildFile; fileRef = 5D542EA11EC96A9E00855EE0 /* User.swift */; };
		5D54902E1F00482800E8C878 /* SearchPlaceTableViewCell.swift in Sources */ = {isa = PBXBuildFile; fileRef = 5D54902C1F00482800E8C878 /* SearchPlaceTableViewCell.swift */; };
		5D54902F1F00482800E8C878 /* SearchPlaceTableViewCell.xib in Resources */ = {isa = PBXBuildFile; fileRef = 5D54902D1F00482800E8C878 /* SearchPlaceTableViewCell.xib */; };
		5D5490311F00531C00E8C878 /* SearchPlaceController.swift in Sources */ = {isa = PBXBuildFile; fileRef = 5D5490301F00531C00E8C878 /* SearchPlaceController.swift */; };
		5D5875551EF6FD3600D31A9F /* SearchViewController.swift in Sources */ = {isa = PBXBuildFile; fileRef = 5D5875541EF6FD3600D31A9F /* SearchViewController.swift */; };
		5D5875571EF6FFE400D31A9F /* Search.storyboard in Resources */ = {isa = PBXBuildFile; fileRef = 5D5875561EF6FFE400D31A9F /* Search.storyboard */; };
		5D5BC81F1F03DAA800118B61 /* ProductConfirmationViewController.swift in Sources */ = {isa = PBXBuildFile; fileRef = 5D5BC81E1F03DAA800118B61 /* ProductConfirmationViewController.swift */; };
		5D682E351ED5851A007D628E /* DynamicColllectionViewLayout.swift in Sources */ = {isa = PBXBuildFile; fileRef = 5D682E341ED5851A007D628E /* DynamicColllectionViewLayout.swift */; };
		5D682E3D1ED58A87007D628E /* ReuseCellProtocol.swift in Sources */ = {isa = PBXBuildFile; fileRef = 5D682E3C1ED58A87007D628E /* ReuseCellProtocol.swift */; };
		5D69071B1EEF3BAE00F0A6B9 /* ReviewTableViewCell.xib in Resources */ = {isa = PBXBuildFile; fileRef = 5D69071A1EEF3BAE00F0A6B9 /* ReviewTableViewCell.xib */; };
		5D69071D1EEF3C0200F0A6B9 /* ReviewTableViewCell.swift in Sources */ = {isa = PBXBuildFile; fileRef = 5D69071C1EEF3C0200F0A6B9 /* ReviewTableViewCell.swift */; };
		5D706CE01F06CC0B003EAECC /* Setting.storyboard in Resources */ = {isa = PBXBuildFile; fileRef = 5D706CDF1F06CC0B003EAECC /* Setting.storyboard */; };
		5D706CE21F06CD9E003EAECC /* SettingsViewController.swift in Sources */ = {isa = PBXBuildFile; fileRef = 5D706CE11F06CD9E003EAECC /* SettingsViewController.swift */; };
		5D706CE41F06D6C9003EAECC /* Authentication.storyboard in Resources */ = {isa = PBXBuildFile; fileRef = 5D706CE31F06D6C9003EAECC /* Authentication.storyboard */; };
		5D706CE61F06F851003EAECC /* AuthController.swift in Sources */ = {isa = PBXBuildFile; fileRef = 5D706CE51F06F851003EAECC /* AuthController.swift */; };
		5D706CE81F07384A003EAECC /* ErrorCode.swift in Sources */ = {isa = PBXBuildFile; fileRef = 5D706CE71F07384A003EAECC /* ErrorCode.swift */; };
		5D764EF21ED44E9700C30FBE /* ProductListViewController.swift in Sources */ = {isa = PBXBuildFile; fileRef = 5D764EF11ED44E9700C30FBE /* ProductListViewController.swift */; };
		5D7E783E1EF23799000598BE /* TagCollectionView.swift in Sources */ = {isa = PBXBuildFile; fileRef = 5D7E783D1EF23799000598BE /* TagCollectionView.swift */; };
		5D7E78401EF23A31000598BE /* ProductTag.swift in Sources */ = {isa = PBXBuildFile; fileRef = 5D7E783F1EF23A31000598BE /* ProductTag.swift */; };
		5D7E78421EF23D52000598BE /* TagViewController.swift in Sources */ = {isa = PBXBuildFile; fileRef = 5D7E78411EF23D52000598BE /* TagViewController.swift */; };
		5D8153621EFA20DE0064B622 /* CartTableViewCell.swift in Sources */ = {isa = PBXBuildFile; fileRef = 5D8153601EFA20DE0064B622 /* CartTableViewCell.swift */; };
		5D8153631EFA20DE0064B622 /* CartTableViewCell.xib in Resources */ = {isa = PBXBuildFile; fileRef = 5D8153611EFA20DE0064B622 /* CartTableViewCell.xib */; };
		5D8153651EFA24090064B622 /* Cart.swift in Sources */ = {isa = PBXBuildFile; fileRef = 5D8153641EFA24090064B622 /* Cart.swift */; };
		5D8153671EFA26C20064B622 /* Cart.storyboard in Resources */ = {isa = PBXBuildFile; fileRef = 5D8153661EFA26C20064B622 /* Cart.storyboard */; };
		5D8153691EFA2ADA0064B622 /* CartListViewController.swift in Sources */ = {isa = PBXBuildFile; fileRef = 5D8153681EFA2ADA0064B622 /* CartListViewController.swift */; };
		5D8F25B51F0CACF600F1D551 /* ChangePasswordViewController.swift in Sources */ = {isa = PBXBuildFile; fileRef = 5D8F25B41F0CACF600F1D551 /* ChangePasswordViewController.swift */; };
		5DA4409A1ED6F7BC0093437A /* Double+Extension.swift in Sources */ = {isa = PBXBuildFile; fileRef = 5DA440991ED6F7BC0093437A /* Double+Extension.swift */; };
		5DA67F0E1F01374200C14203 /* SearchPlace.swift in Sources */ = {isa = PBXBuildFile; fileRef = 5DA67F0D1F01374200C14203 /* SearchPlace.swift */; };
		5DA809FB1EFBD7780004B96A /* OrderPaymentCollectionViewCell.swift in Sources */ = {isa = PBXBuildFile; fileRef = 5DA809F91EFBD7780004B96A /* OrderPaymentCollectionViewCell.swift */; };
		5DA809FC1EFBD7780004B96A /* OrderPaymentCollectionViewCell.xib in Resources */ = {isa = PBXBuildFile; fileRef = 5DA809FA1EFBD7780004B96A /* OrderPaymentCollectionViewCell.xib */; };
		5DB4EA281EC96CEA004546CE /* UserType.swift in Sources */ = {isa = PBXBuildFile; fileRef = 5DB4EA271EC96CEA004546CE /* UserType.swift */; };
		5DB4EA2A1EC98251004546CE /* CircleImageButton.swift in Sources */ = {isa = PBXBuildFile; fileRef = 5DB4EA291EC98251004546CE /* CircleImageButton.swift */; };
		5DB4EA2C1EC98F4D004546CE /* RoundedLabel.swift in Sources */ = {isa = PBXBuildFile; fileRef = 5DB4EA2B1EC98F4D004546CE /* RoundedLabel.swift */; };
		5DB4EA2E1EC9909D004546CE /* BackgroundLoginView.swift in Sources */ = {isa = PBXBuildFile; fileRef = 5DB4EA2D1EC9909D004546CE /* BackgroundLoginView.swift */; };
		5DB4EA301EC992C0004546CE /* GoogleService-Info.plist in Resources */ = {isa = PBXBuildFile; fileRef = 5DB4EA2F1EC992C0004546CE /* GoogleService-Info.plist */; };
		5DB4EA341EC992ED004546CE /* Lato-Bold.ttf in Resources */ = {isa = PBXBuildFile; fileRef = 5DB4EA311EC992ED004546CE /* Lato-Bold.ttf */; };
		5DB4EA351EC992ED004546CE /* Lato-Light.ttf in Resources */ = {isa = PBXBuildFile; fileRef = 5DB4EA321EC992ED004546CE /* Lato-Light.ttf */; };
		5DB4EA361EC992ED004546CE /* Lato-Regular.ttf in Resources */ = {isa = PBXBuildFile; fileRef = 5DB4EA331EC992ED004546CE /* Lato-Regular.ttf */; };
		5DB4EA391EC9AC34004546CE /* BasicLabel.swift in Sources */ = {isa = PBXBuildFile; fileRef = 5DB4EA381EC9AC34004546CE /* BasicLabel.swift */; };
		5DBE11ED1ED2E06300D133EF /* ForgotPasswordViewController.swift in Sources */ = {isa = PBXBuildFile; fileRef = 5DBE11EC1ED2E06300D133EF /* ForgotPasswordViewController.swift */; };
		5DBE11EF1ED2EA9C00D133EF /* HomeViewController.swift in Sources */ = {isa = PBXBuildFile; fileRef = 5DBE11EE1ED2EA9B00D133EF /* HomeViewController.swift */; };
		5DBE11F21ED2EC8000D133EF /* UIImageView+Extension.swift in Sources */ = {isa = PBXBuildFile; fileRef = 5DBE11F11ED2EC8000D133EF /* UIImageView+Extension.swift */; };
		5DBE85041EFEE4A300341A07 /* OrderDetailViewController.swift in Sources */ = {isa = PBXBuildFile; fileRef = 5DBE85031EFEE4A300341A07 /* OrderDetailViewController.swift */; };
		5DBE85061EFEFF6300341A07 /* CheckOutMainViewController.swift in Sources */ = {isa = PBXBuildFile; fileRef = 5DBE85051EFEFF6300341A07 /* CheckOutMainViewController.swift */; };
		5DBE85081EFEFF7800341A07 /* CheckOutPageViewController.swift in Sources */ = {isa = PBXBuildFile; fileRef = 5DBE85071EFEFF7800341A07 /* CheckOutPageViewController.swift */; };
		5DBE850A1EFEFFAD00341A07 /* CheckOutProfileViewController.swift in Sources */ = {isa = PBXBuildFile; fileRef = 5DBE85091EFEFFAD00341A07 /* CheckOutProfileViewController.swift */; };
		5DBE850C1EFEFFBE00341A07 /* CheckOutAddressViewController.swift in Sources */ = {isa = PBXBuildFile; fileRef = 5DBE850B1EFEFFBE00341A07 /* CheckOutAddressViewController.swift */; };
		5DBE850E1EFEFFD400341A07 /* CheckOutSummaryViewController.swift in Sources */ = {isa = PBXBuildFile; fileRef = 5DBE850D1EFEFFD400341A07 /* CheckOutSummaryViewController.swift */; };
		5DBE85131EFF0A1400341A07 /* HorizontalTimelineView.swift in Sources */ = {isa = PBXBuildFile; fileRef = 5DBE85121EFF0A1400341A07 /* HorizontalTimelineView.swift */; };
		5DBFBA661EC17B930061FE35 /* AppDelegate.swift in Sources */ = {isa = PBXBuildFile; fileRef = 5DBFBA651EC17B930061FE35 /* AppDelegate.swift */; };
		5DBFBA681EC17B930061FE35 /* LoginViewController.swift in Sources */ = {isa = PBXBuildFile; fileRef = 5DBFBA671EC17B930061FE35 /* LoginViewController.swift */; };
		5DBFBA6B1EC17B930061FE35 /* Home.storyboard in Resources */ = {isa = PBXBuildFile; fileRef = 5DBFBA691EC17B930061FE35 /* Home.storyboard */; };
		5DBFBA6D1EC17B930061FE35 /* Assets.xcassets in Resources */ = {isa = PBXBuildFile; fileRef = 5DBFBA6C1EC17B930061FE35 /* Assets.xcassets */; };
		5DBFBA701EC17B930061FE35 /* LaunchScreen.storyboard in Resources */ = {isa = PBXBuildFile; fileRef = 5DBFBA6E1EC17B930061FE35 /* LaunchScreen.storyboard */; };
		5DBFBA7B1EC17B930061FE35 /* MCommerceTests.swift in Sources */ = {isa = PBXBuildFile; fileRef = 5DBFBA7A1EC17B930061FE35 /* MCommerceTests.swift */; };
		5DBFBA861EC17B930061FE35 /* MCommerceUITests.swift in Sources */ = {isa = PBXBuildFile; fileRef = 5DBFBA851EC17B930061FE35 /* MCommerceUITests.swift */; };
		5DBFBA9F1EC17F5D0061FE35 /* RoundedButton.swift in Sources */ = {isa = PBXBuildFile; fileRef = 5DBFBA9E1EC17F5D0061FE35 /* RoundedButton.swift */; };
		5DBFBAA41EC195EE0061FE35 /* Localizable.strings in Resources */ = {isa = PBXBuildFile; fileRef = 5DBFBAA61EC195EE0061FE35 /* Localizable.strings */; };
		5DBFBAA91EC1984C0061FE35 /* Localize.swift in Sources */ = {isa = PBXBuildFile; fileRef = 5DBFBAA81EC1984C0061FE35 /* Localize.swift */; };
		5DBFBAAB1EC198680061FE35 /* Constants.swift in Sources */ = {isa = PBXBuildFile; fileRef = 5DBFBAAA1EC198680061FE35 /* Constants.swift */; };
		5DBFBAAD1EC19CCB0061FE35 /* RoundedTextField.swift in Sources */ = {isa = PBXBuildFile; fileRef = 5DBFBAAC1EC19CCB0061FE35 /* RoundedTextField.swift */; };
		5DBFBAAF1EC1B03E0061FE35 /* RoundedProtocol.swift in Sources */ = {isa = PBXBuildFile; fileRef = 5DBFBAAE1EC1B03E0061FE35 /* RoundedProtocol.swift */; };
		5DBFBAB11EC1B67E0061FE35 /* RatingStarsView.swift in Sources */ = {isa = PBXBuildFile; fileRef = 5DBFBAB01EC1B67E0061FE35 /* RatingStarsView.swift */; };
		5DBFBAB51EC1C7960061FE35 /* Podfile in Resources */ = {isa = PBXBuildFile; fileRef = 5DBFBAB41EC1C7960061FE35 /* Podfile */; };
		5DBFBAB91EC1DBD70061FE35 /* String+Extension.swift in Sources */ = {isa = PBXBuildFile; fileRef = 5DBFBAB81EC1DBD70061FE35 /* String+Extension.swift */; };
		5DC3EDCC1F1F4C1200AE7C8F /* OrderConfirmationViewController.swift in Sources */ = {isa = PBXBuildFile; fileRef = 5DC3EDCB1F1F4C1200AE7C8F /* OrderConfirmationViewController.swift */; };
		5DCC92D71EEF8CDD001C6F42 /* Date+Extension.swift in Sources */ = {isa = PBXBuildFile; fileRef = 5DCC92D61EEF8CDD001C6F42 /* Date+Extension.swift */; };
		5DCC92DA1EEF9187001C6F42 /* SimpleProductCollectionViewCell.swift in Sources */ = {isa = PBXBuildFile; fileRef = 5DCC92D81EEF9187001C6F42 /* SimpleProductCollectionViewCell.swift */; };
		5DCC92DB1EEF9187001C6F42 /* SimpleProductCollectionViewCell.xib in Resources */ = {isa = PBXBuildFile; fileRef = 5DCC92D91EEF9187001C6F42 /* SimpleProductCollectionViewCell.xib */; };
		5DCC92DE1EEF9A81001C6F42 /* ProductDetailViewController.swift in Sources */ = {isa = PBXBuildFile; fileRef = 5DCC92DD1EEF9A81001C6F42 /* ProductDetailViewController.swift */; };
		5DD0D9BC1EF0D3BD00E5D2C4 /* ProductImageCollectionViewCell.swift in Sources */ = {isa = PBXBuildFile; fileRef = 5DD0D9BB1EF0D3BD00E5D2C4 /* ProductImageCollectionViewCell.swift */; };
		5DD0D9BE1EF0DD9B00E5D2C4 /* RoundedView.swift in Sources */ = {isa = PBXBuildFile; fileRef = 5DD0D9BD1EF0DD9B00E5D2C4 /* RoundedView.swift */; };
		5DD0D9C01EF116FE00E5D2C4 /* RoundedStepper.swift in Sources */ = {isa = PBXBuildFile; fileRef = 5DD0D9BF1EF116FE00E5D2C4 /* RoundedStepper.swift */; };
		5DD0D9C31EF1196C00E5D2C4 /* TagCollectionViewCell.swift in Sources */ = {isa = PBXBuildFile; fileRef = 5DD0D9C11EF1196C00E5D2C4 /* TagCollectionViewCell.swift */; };
		5DD0D9C41EF1196C00E5D2C4 /* TagCollectionViewCell.xib in Resources */ = {isa = PBXBuildFile; fileRef = 5DD0D9C21EF1196C00E5D2C4 /* TagCollectionViewCell.xib */; };
		5DD651861ECB0A4300BBC1DD /* BaseViewController.swift in Sources */ = {isa = PBXBuildFile; fileRef = 5DD651851ECB0A4300BBC1DD /* BaseViewController.swift */; };
		5DD651881ECB0B6800BBC1DD /* UIImage+Extension.swift in Sources */ = {isa = PBXBuildFile; fileRef = 5DD651871ECB0B6800BBC1DD /* UIImage+Extension.swift */; };
		5DD8D7B71EC2F5FB00978D68 /* Color.swift in Sources */ = {isa = PBXBuildFile; fileRef = 5DD8D7B61EC2F5FB00978D68 /* Color.swift */; };
		5DD8D7B91EC2FCD100978D68 /* BaseViewProtocol.swift in Sources */ = {isa = PBXBuildFile; fileRef = 5DD8D7B81EC2FCD100978D68 /* BaseViewProtocol.swift */; };
		5DD8D7BB1EC304D000978D68 /* BasicButton.swift in Sources */ = {isa = PBXBuildFile; fileRef = 5DD8D7BA1EC304D000978D68 /* BasicButton.swift */; };
		5DDAB1BB1F0CC86F00D84F88 /* EditProfileViewController.swift in Sources */ = {isa = PBXBuildFile; fileRef = 5DDAB1BA1F0CC86F00D84F88 /* EditProfileViewController.swift */; };
		5DE5FE3C1EFFCD1B0089BE25 /* IconLabel.swift in Sources */ = {isa = PBXBuildFile; fileRef = 5DE5FE3B1EFFCD1B0089BE25 /* IconLabel.swift */; };
		5DE5FE3E1EFFD67A0089BE25 /* BorderTextField.swift in Sources */ = {isa = PBXBuildFile; fileRef = 5DE5FE3D1EFFD67A0089BE25 /* BorderTextField.swift */; };
		5DE5FE401EFFDE390089BE25 /* BorderTextView.swift in Sources */ = {isa = PBXBuildFile; fileRef = 5DE5FE3F1EFFDE390089BE25 /* BorderTextView.swift */; };
		5DE6AA0A1F0A391E005B5405 /* EmptyDataView.swift in Sources */ = {isa = PBXBuildFile; fileRef = 5DE6AA091F0A391E005B5405 /* EmptyDataView.swift */; };
		5DE9808E1F02446A007685F5 /* FirebaseProtocol.swift in Sources */ = {isa = PBXBuildFile; fileRef = 5DE9808D1F02446A007685F5 /* FirebaseProtocol.swift */; };
		5DE980901F02455D007685F5 /* CategoryController.swift in Sources */ = {isa = PBXBuildFile; fileRef = 5DE9808F1F02455D007685F5 /* CategoryController.swift */; };
		5DE980921F02C4A6007685F5 /* ProductController.swift in Sources */ = {isa = PBXBuildFile; fileRef = 5DE980911F02C4A6007685F5 /* ProductController.swift */; };
		5DE980941F02C996007685F5 /* ProductVariant.swift in Sources */ = {isa = PBXBuildFile; fileRef = 5DE980931F02C996007685F5 /* ProductVariant.swift */; };
		5DEA36801F21D9F0008E1F91 /* SavedOrderProfile.swift in Sources */ = {isa = PBXBuildFile; fileRef = 5DEA367F1F21D9F0008E1F91 /* SavedOrderProfile.swift */; };
		5DEB04FA1F07B1CA00C190B6 /* CartController.swift in Sources */ = {isa = PBXBuildFile; fileRef = 5DEB04F91F07B1CA00C190B6 /* CartController.swift */; };
		5DEB04FC1F08325A00C190B6 /* OrderController.swift in Sources */ = {isa = PBXBuildFile; fileRef = 5DEB04FB1F08325A00C190B6 /* OrderController.swift */; };
		5DF000711EFCBDE700764B33 /* ImageTableViewRowAction.swift in Sources */ = {isa = PBXBuildFile; fileRef = 5DF000701EFCBDE700764B33 /* ImageTableViewRowAction.swift */; };
		5DF000731EFCCB7100764B33 /* OrderPayment.swift in Sources */ = {isa = PBXBuildFile; fileRef = 5DF000721EFCCB7100764B33 /* OrderPayment.swift */; };
		5DF000751EFCCE4000764B33 /* OrderNoteViewController.swift in Sources */ = {isa = PBXBuildFile; fileRef = 5DF000741EFCCE4000764B33 /* OrderNoteViewController.swift */; };
		5DF7CFA71EDA8D5A00332E47 /* ProductCollectionViewCell.swift in Sources */ = {isa = PBXBuildFile; fileRef = 5DF7CFA51EDA8D5A00332E47 /* ProductCollectionViewCell.swift */; };
		5DF7CFA81EDA8D5A00332E47 /* ProductCollectionViewCell.xib in Resources */ = {isa = PBXBuildFile; fileRef = 5DF7CFA61EDA8D5A00332E47 /* ProductCollectionViewCell.xib */; };
		5DF7CFAA1EDA904000332E47 /* Product.storyboard in Resources */ = {isa = PBXBuildFile; fileRef = 5DF7CFA91EDA904000332E47 /* Product.storyboard */; };
		5DFB65AC1F29B0B900456547 /* BankPayment.swift in Sources */ = {isa = PBXBuildFile; fileRef = 5DFB65AB1F29B0B900456547 /* BankPayment.swift */; };
		B3C0E3C7E4A8CC36997533C8 /* Pods_MCommerce.framework in Frameworks */ = {isa = PBXBuildFile; fileRef = DD77B447D6BF3ACF2CF8C470 /* Pods_MCommerce.framework */; };
/* End PBXBuildFile section */

/* Begin PBXContainerItemProxy section */
		5DBFBA771EC17B930061FE35 /* PBXContainerItemProxy */ = {
			isa = PBXContainerItemProxy;
			containerPortal = 5DBFBA5A1EC17B930061FE35 /* Project object */;
			proxyType = 1;
			remoteGlobalIDString = 5DBFBA611EC17B930061FE35;
			remoteInfo = MCommerce;
		};
		5DBFBA821EC17B930061FE35 /* PBXContainerItemProxy */ = {
			isa = PBXContainerItemProxy;
			containerPortal = 5DBFBA5A1EC17B930061FE35 /* Project object */;
			proxyType = 1;
			remoteGlobalIDString = 5DBFBA611EC17B930061FE35;
			remoteInfo = MCommerce;
		};
/* End PBXContainerItemProxy section */

/* Begin PBXFileReference section */
		5D0124BA1EC9BAB6009C0955 /* RegisterViewController.swift */ = {isa = PBXFileReference; fileEncoding = 4; lastKnownFileType = sourcecode.swift; path = RegisterViewController.swift; sourceTree = "<group>"; };
		5D0BBA8E1EFB6FEF00C40767 /* OrderListViewController.swift */ = {isa = PBXFileReference; fileEncoding = 4; lastKnownFileType = sourcecode.swift; path = OrderListViewController.swift; sourceTree = "<group>"; };
		5D0BBA911EFB758E00C40767 /* OrderPageViewController.swift */ = {isa = PBXFileReference; fileEncoding = 4; lastKnownFileType = sourcecode.swift; path = OrderPageViewController.swift; sourceTree = "<group>"; };
		5D0BBA931EFB760700C40767 /* OrderListChildViewController.swift */ = {isa = PBXFileReference; fileEncoding = 4; lastKnownFileType = sourcecode.swift; path = OrderListChildViewController.swift; sourceTree = "<group>"; };
		5D0BBA951EFB7A5000C40767 /* OrderTableViewCell.swift */ = {isa = PBXFileReference; fileEncoding = 4; lastKnownFileType = sourcecode.swift; path = OrderTableViewCell.swift; sourceTree = "<group>"; };
		5D0BBA961EFB7A5000C40767 /* OrderTableViewCell.xib */ = {isa = PBXFileReference; fileEncoding = 4; lastKnownFileType = file.xib; path = OrderTableViewCell.xib; sourceTree = "<group>"; };
		5D0BBA991EFB7D0E00C40767 /* OrderProfile.swift */ = {isa = PBXFileReference; fileEncoding = 4; lastKnownFileType = sourcecode.swift; path = OrderProfile.swift; sourceTree = "<group>"; };
		5D0CDA2D1EFA71B70004513F /* Order.storyboard */ = {isa = PBXFileReference; fileEncoding = 4; lastKnownFileType = file.storyboard; path = Order.storyboard; sourceTree = "<group>"; };
		5D0CDA2F1EFA77940004513F /* OrderHistory.swift */ = {isa = PBXFileReference; fileEncoding = 4; lastKnownFileType = sourcecode.swift; path = OrderHistory.swift; sourceTree = "<group>"; };
		5D0CDA321EFA79900004513F /* OrderHistoryTableViewCell.swift */ = {isa = PBXFileReference; fileEncoding = 4; lastKnownFileType = sourcecode.swift; path = OrderHistoryTableViewCell.swift; sourceTree = "<group>"; };
		5D0CDA331EFA79900004513F /* OrderHistoryTableViewCell.xib */ = {isa = PBXFileReference; fileEncoding = 4; lastKnownFileType = file.xib; path = OrderHistoryTableViewCell.xib; sourceTree = "<group>"; };
		5D0CDA371EFA7C4D0004513F /* Order.swift */ = {isa = PBXFileReference; fileEncoding = 4; lastKnownFileType = sourcecode.swift; path = Order.swift; sourceTree = "<group>"; };
		5D0CDA391EFA7DFE0004513F /* OrderHistoryViewController.swift */ = {isa = PBXFileReference; fileEncoding = 4; lastKnownFileType = sourcecode.swift; path = OrderHistoryViewController.swift; sourceTree = "<group>"; };
		5D1079861F017BD200176591 /* Alert.swift */ = {isa = PBXFileReference; fileEncoding = 4; lastKnownFileType = sourcecode.swift; path = Alert.swift; sourceTree = "<group>"; };
		5D1622881EF5C3EA005D1546 /* ProductPreviewViewController.swift */ = {isa = PBXFileReference; fileEncoding = 4; lastKnownFileType = sourcecode.swift; path = ProductPreviewViewController.swift; sourceTree = "<group>"; };
		5D1A220C1F0A5CD700F58DA4 /* TabBarBadge.swift */ = {isa = PBXFileReference; fileEncoding = 4; lastKnownFileType = sourcecode.swift; path = TabBarBadge.swift; sourceTree = "<group>"; };
		5D24EF361EC32A6E00B43A71 /* CategoryHomeTableViewCell.swift */ = {isa = PBXFileReference; fileEncoding = 4; lastKnownFileType = sourcecode.swift; path = CategoryHomeTableViewCell.swift; sourceTree = "<group>"; };
		5D24EF381EC32A8500B43A71 /* Category.swift */ = {isa = PBXFileReference; fileEncoding = 4; lastKnownFileType = sourcecode.swift; path = Category.swift; sourceTree = "<group>"; };
		5D24EF3A1EC32A8D00B43A71 /* Product.swift */ = {isa = PBXFileReference; fileEncoding = 4; lastKnownFileType = sourcecode.swift; path = Product.swift; sourceTree = "<group>"; };
		5D24EF3C1EC32A9800B43A71 /* Review.swift */ = {isa = PBXFileReference; fileEncoding = 4; lastKnownFileType = sourcecode.swift; path = Review.swift; sourceTree = "<group>"; };
		5D3914A71F0C3ECE008C0947 /* ChangeLanguageViewController.swift */ = {isa = PBXFileReference; fileEncoding = 4; lastKnownFileType = sourcecode.swift; path = ChangeLanguageViewController.swift; sourceTree = "<group>"; };
		5D46A2181EEF34B600B7C269 /* ProductDetailTableViewCell.swift */ = {isa = PBXFileReference; fileEncoding = 4; lastKnownFileType = sourcecode.swift; path = ProductDetailTableViewCell.swift; sourceTree = "<group>"; };
		5D46A2191EEF34B600B7C269 /* ProductDetailTableViewCell.xib */ = {isa = PBXFileReference; fileEncoding = 4; lastKnownFileType = file.xib; path = ProductDetailTableViewCell.xib; sourceTree = "<group>"; };
		5D46A21C1EEF368600B7C269 /* ProductDetail.swift */ = {isa = PBXFileReference; fileEncoding = 4; lastKnownFileType = sourcecode.swift; path = ProductDetail.swift; sourceTree = "<group>"; };
		5D4AAD311EC9642000538E2E /* Font.swift */ = {isa = PBXFileReference; fileEncoding = 4; lastKnownFileType = sourcecode.swift; path = Font.swift; sourceTree = "<group>"; };
		5D4AAD351EC9685400538E2E /* ProductListCollectionViewCell.swift */ = {isa = PBXFileReference; fileEncoding = 4; lastKnownFileType = sourcecode.swift; path = ProductListCollectionViewCell.swift; sourceTree = "<group>"; };
		5D4EE7DD1F0B930B00CF48EE /* SearchResult.swift */ = {isa = PBXFileReference; fileEncoding = 4; lastKnownFileType = sourcecode.swift; path = SearchResult.swift; sourceTree = "<group>"; };
		5D5240691F0ADC830083539A /* SearchController.swift */ = {isa = PBXFileReference; fileEncoding = 4; lastKnownFileType = sourcecode.swift; path = SearchController.swift; sourceTree = "<group>"; };
		5D52406B1F0AF3500083539A /* SearchTableViewCell.swift */ = {isa = PBXFileReference; fileEncoding = 4; lastKnownFileType = sourcecode.swift; path = SearchTableViewCell.swift; sourceTree = "<group>"; };
		5D52406C1F0AF3500083539A /* SearchTableViewCell.xib */ = {isa = PBXFileReference; fileEncoding = 4; lastKnownFileType = file.xib; path = SearchTableViewCell.xib; sourceTree = "<group>"; };
		5D542EA11EC96A9E00855EE0 /* User.swift */ = {isa = PBXFileReference; fileEncoding = 4; lastKnownFileType = sourcecode.swift; path = User.swift; sourceTree = "<group>"; };
		5D54902C1F00482800E8C878 /* SearchPlaceTableViewCell.swift */ = {isa = PBXFileReference; fileEncoding = 4; lastKnownFileType = sourcecode.swift; path = SearchPlaceTableViewCell.swift; sourceTree = "<group>"; };
		5D54902D1F00482800E8C878 /* SearchPlaceTableViewCell.xib */ = {isa = PBXFileReference; fileEncoding = 4; lastKnownFileType = file.xib; path = SearchPlaceTableViewCell.xib; sourceTree = "<group>"; };
		5D5490301F00531C00E8C878 /* SearchPlaceController.swift */ = {isa = PBXFileReference; fileEncoding = 4; lastKnownFileType = sourcecode.swift; path = SearchPlaceController.swift; sourceTree = "<group>"; };
		5D5875541EF6FD3600D31A9F /* SearchViewController.swift */ = {isa = PBXFileReference; fileEncoding = 4; lastKnownFileType = sourcecode.swift; path = SearchViewController.swift; sourceTree = "<group>"; };
		5D5875561EF6FFE400D31A9F /* Search.storyboard */ = {isa = PBXFileReference; fileEncoding = 4; lastKnownFileType = file.storyboard; path = Search.storyboard; sourceTree = "<group>"; };
		5D5BC81E1F03DAA800118B61 /* ProductConfirmationViewController.swift */ = {isa = PBXFileReference; fileEncoding = 4; lastKnownFileType = sourcecode.swift; path = ProductConfirmationViewController.swift; sourceTree = "<group>"; };
		5D682E341ED5851A007D628E /* DynamicColllectionViewLayout.swift */ = {isa = PBXFileReference; fileEncoding = 4; lastKnownFileType = sourcecode.swift; path = DynamicColllectionViewLayout.swift; sourceTree = "<group>"; };
		5D682E3C1ED58A87007D628E /* ReuseCellProtocol.swift */ = {isa = PBXFileReference; fileEncoding = 4; lastKnownFileType = sourcecode.swift; path = ReuseCellProtocol.swift; sourceTree = "<group>"; };
		5D69071A1EEF3BAE00F0A6B9 /* ReviewTableViewCell.xib */ = {isa = PBXFileReference; fileEncoding = 4; lastKnownFileType = file.xib; path = ReviewTableViewCell.xib; sourceTree = "<group>"; };
		5D69071C1EEF3C0200F0A6B9 /* ReviewTableViewCell.swift */ = {isa = PBXFileReference; fileEncoding = 4; lastKnownFileType = sourcecode.swift; path = ReviewTableViewCell.swift; sourceTree = "<group>"; };
		5D706CDF1F06CC0B003EAECC /* Setting.storyboard */ = {isa = PBXFileReference; fileEncoding = 4; lastKnownFileType = file.storyboard; path = Setting.storyboard; sourceTree = "<group>"; };
		5D706CE11F06CD9E003EAECC /* SettingsViewController.swift */ = {isa = PBXFileReference; fileEncoding = 4; lastKnownFileType = sourcecode.swift; path = SettingsViewController.swift; sourceTree = "<group>"; };
		5D706CE31F06D6C9003EAECC /* Authentication.storyboard */ = {isa = PBXFileReference; fileEncoding = 4; lastKnownFileType = file.storyboard; path = Authentication.storyboard; sourceTree = "<group>"; };
		5D706CE51F06F851003EAECC /* AuthController.swift */ = {isa = PBXFileReference; fileEncoding = 4; lastKnownFileType = sourcecode.swift; path = AuthController.swift; sourceTree = "<group>"; };
		5D706CE71F07384A003EAECC /* ErrorCode.swift */ = {isa = PBXFileReference; fileEncoding = 4; lastKnownFileType = sourcecode.swift; path = ErrorCode.swift; sourceTree = "<group>"; };
		5D764EF11ED44E9700C30FBE /* ProductListViewController.swift */ = {isa = PBXFileReference; fileEncoding = 4; lastKnownFileType = sourcecode.swift; path = ProductListViewController.swift; sourceTree = "<group>"; };
		5D7E783D1EF23799000598BE /* TagCollectionView.swift */ = {isa = PBXFileReference; fileEncoding = 4; lastKnownFileType = sourcecode.swift; path = TagCollectionView.swift; sourceTree = "<group>"; };
		5D7E783F1EF23A31000598BE /* ProductTag.swift */ = {isa = PBXFileReference; fileEncoding = 4; lastKnownFileType = sourcecode.swift; path = ProductTag.swift; sourceTree = "<group>"; };
		5D7E78411EF23D52000598BE /* TagViewController.swift */ = {isa = PBXFileReference; fileEncoding = 4; lastKnownFileType = sourcecode.swift; path = TagViewController.swift; sourceTree = "<group>"; };
		5D8153601EFA20DE0064B622 /* CartTableViewCell.swift */ = {isa = PBXFileReference; fileEncoding = 4; lastKnownFileType = sourcecode.swift; path = CartTableViewCell.swift; sourceTree = "<group>"; };
		5D8153611EFA20DE0064B622 /* CartTableViewCell.xib */ = {isa = PBXFileReference; fileEncoding = 4; lastKnownFileType = file.xib; path = CartTableViewCell.xib; sourceTree = "<group>"; };
		5D8153641EFA24090064B622 /* Cart.swift */ = {isa = PBXFileReference; fileEncoding = 4; lastKnownFileType = sourcecode.swift; path = Cart.swift; sourceTree = "<group>"; };
		5D8153661EFA26C20064B622 /* Cart.storyboard */ = {isa = PBXFileReference; fileEncoding = 4; lastKnownFileType = file.storyboard; path = Cart.storyboard; sourceTree = "<group>"; };
		5D8153681EFA2ADA0064B622 /* CartListViewController.swift */ = {isa = PBXFileReference; fileEncoding = 4; lastKnownFileType = sourcecode.swift; path = CartListViewController.swift; sourceTree = "<group>"; };
		5D8F25B41F0CACF600F1D551 /* ChangePasswordViewController.swift */ = {isa = PBXFileReference; fileEncoding = 4; lastKnownFileType = sourcecode.swift; path = ChangePasswordViewController.swift; sourceTree = "<group>"; };
		5DA440991ED6F7BC0093437A /* Double+Extension.swift */ = {isa = PBXFileReference; fileEncoding = 4; lastKnownFileType = sourcecode.swift; path = "Double+Extension.swift"; sourceTree = "<group>"; };
		5DA67F0D1F01374200C14203 /* SearchPlace.swift */ = {isa = PBXFileReference; fileEncoding = 4; lastKnownFileType = sourcecode.swift; path = SearchPlace.swift; sourceTree = "<group>"; };
		5DA809F91EFBD7780004B96A /* OrderPaymentCollectionViewCell.swift */ = {isa = PBXFileReference; fileEncoding = 4; lastKnownFileType = sourcecode.swift; path = OrderPaymentCollectionViewCell.swift; sourceTree = "<group>"; };
		5DA809FA1EFBD7780004B96A /* OrderPaymentCollectionViewCell.xib */ = {isa = PBXFileReference; fileEncoding = 4; lastKnownFileType = file.xib; path = OrderPaymentCollectionViewCell.xib; sourceTree = "<group>"; };
		5DB4EA271EC96CEA004546CE /* UserType.swift */ = {isa = PBXFileReference; fileEncoding = 4; lastKnownFileType = sourcecode.swift; path = UserType.swift; sourceTree = "<group>"; };
		5DB4EA291EC98251004546CE /* CircleImageButton.swift */ = {isa = PBXFileReference; fileEncoding = 4; lastKnownFileType = sourcecode.swift; path = CircleImageButton.swift; sourceTree = "<group>"; };
		5DB4EA2B1EC98F4D004546CE /* RoundedLabel.swift */ = {isa = PBXFileReference; fileEncoding = 4; lastKnownFileType = sourcecode.swift; path = RoundedLabel.swift; sourceTree = "<group>"; };
		5DB4EA2D1EC9909D004546CE /* BackgroundLoginView.swift */ = {isa = PBXFileReference; fileEncoding = 4; lastKnownFileType = sourcecode.swift; path = BackgroundLoginView.swift; sourceTree = "<group>"; };
		5DB4EA2F1EC992C0004546CE /* GoogleService-Info.plist */ = {isa = PBXFileReference; fileEncoding = 4; lastKnownFileType = text.plist.xml; path = "GoogleService-Info.plist"; sourceTree = "<group>"; };
		5DB4EA311EC992ED004546CE /* Lato-Bold.ttf */ = {isa = PBXFileReference; lastKnownFileType = file; path = "Lato-Bold.ttf"; sourceTree = "<group>"; };
		5DB4EA321EC992ED004546CE /* Lato-Light.ttf */ = {isa = PBXFileReference; lastKnownFileType = file; path = "Lato-Light.ttf"; sourceTree = "<group>"; };
		5DB4EA331EC992ED004546CE /* Lato-Regular.ttf */ = {isa = PBXFileReference; lastKnownFileType = file; path = "Lato-Regular.ttf"; sourceTree = "<group>"; };
		5DB4EA381EC9AC34004546CE /* BasicLabel.swift */ = {isa = PBXFileReference; fileEncoding = 4; lastKnownFileType = sourcecode.swift; path = BasicLabel.swift; sourceTree = "<group>"; };
		5DBE11EC1ED2E06300D133EF /* ForgotPasswordViewController.swift */ = {isa = PBXFileReference; fileEncoding = 4; lastKnownFileType = sourcecode.swift; path = ForgotPasswordViewController.swift; sourceTree = "<group>"; };
		5DBE11EE1ED2EA9B00D133EF /* HomeViewController.swift */ = {isa = PBXFileReference; fileEncoding = 4; lastKnownFileType = sourcecode.swift; path = HomeViewController.swift; sourceTree = "<group>"; };
		5DBE11F11ED2EC8000D133EF /* UIImageView+Extension.swift */ = {isa = PBXFileReference; fileEncoding = 4; lastKnownFileType = sourcecode.swift; path = "UIImageView+Extension.swift"; sourceTree = "<group>"; };
		5DBE85031EFEE4A300341A07 /* OrderDetailViewController.swift */ = {isa = PBXFileReference; fileEncoding = 4; lastKnownFileType = sourcecode.swift; path = OrderDetailViewController.swift; sourceTree = "<group>"; };
		5DBE85051EFEFF6300341A07 /* CheckOutMainViewController.swift */ = {isa = PBXFileReference; fileEncoding = 4; lastKnownFileType = sourcecode.swift; path = CheckOutMainViewController.swift; sourceTree = "<group>"; };
		5DBE85071EFEFF7800341A07 /* CheckOutPageViewController.swift */ = {isa = PBXFileReference; fileEncoding = 4; lastKnownFileType = sourcecode.swift; path = CheckOutPageViewController.swift; sourceTree = "<group>"; };
		5DBE85091EFEFFAD00341A07 /* CheckOutProfileViewController.swift */ = {isa = PBXFileReference; fileEncoding = 4; lastKnownFileType = sourcecode.swift; path = CheckOutProfileViewController.swift; sourceTree = "<group>"; };
		5DBE850B1EFEFFBE00341A07 /* CheckOutAddressViewController.swift */ = {isa = PBXFileReference; fileEncoding = 4; lastKnownFileType = sourcecode.swift; path = CheckOutAddressViewController.swift; sourceTree = "<group>"; };
		5DBE850D1EFEFFD400341A07 /* CheckOutSummaryViewController.swift */ = {isa = PBXFileReference; fileEncoding = 4; lastKnownFileType = sourcecode.swift; path = CheckOutSummaryViewController.swift; sourceTree = "<group>"; };
		5DBE85121EFF0A1400341A07 /* HorizontalTimelineView.swift */ = {isa = PBXFileReference; fileEncoding = 4; lastKnownFileType = sourcecode.swift; path = HorizontalTimelineView.swift; sourceTree = "<group>"; };
		5DBFBA621EC17B930061FE35 /* MCommerce.app */ = {isa = PBXFileReference; explicitFileType = wrapper.application; includeInIndex = 0; path = MCommerce.app; sourceTree = BUILT_PRODUCTS_DIR; };
		5DBFBA651EC17B930061FE35 /* AppDelegate.swift */ = {isa = PBXFileReference; lastKnownFileType = sourcecode.swift; name = AppDelegate.swift; path = MCommerce/AppDelegate.swift; sourceTree = "<group>"; };
		5DBFBA671EC17B930061FE35 /* LoginViewController.swift */ = {isa = PBXFileReference; lastKnownFileType = sourcecode.swift; path = LoginViewController.swift; sourceTree = "<group>"; };
		5DBFBA6A1EC17B930061FE35 /* Base */ = {isa = PBXFileReference; lastKnownFileType = file.storyboard; name = Base; path = Base.lproj/Home.storyboard; sourceTree = "<group>"; };
		5DBFBA6C1EC17B930061FE35 /* Assets.xcassets */ = {isa = PBXFileReference; lastKnownFileType = folder.assetcatalog; path = Assets.xcassets; sourceTree = "<group>"; };
		5DBFBA6F1EC17B930061FE35 /* Base */ = {isa = PBXFileReference; lastKnownFileType = file.storyboard; name = Base; path = Base.lproj/LaunchScreen.storyboard; sourceTree = "<group>"; };
		5DBFBA711EC17B930061FE35 /* Info.plist */ = {isa = PBXFileReference; lastKnownFileType = text.plist.xml; path = Info.plist; sourceTree = "<group>"; };
		5DBFBA761EC17B930061FE35 /* MCommerceTests.xctest */ = {isa = PBXFileReference; explicitFileType = wrapper.cfbundle; includeInIndex = 0; path = MCommerceTests.xctest; sourceTree = BUILT_PRODUCTS_DIR; };
		5DBFBA7A1EC17B930061FE35 /* MCommerceTests.swift */ = {isa = PBXFileReference; lastKnownFileType = sourcecode.swift; path = MCommerceTests.swift; sourceTree = "<group>"; };
		5DBFBA7C1EC17B930061FE35 /* Info.plist */ = {isa = PBXFileReference; lastKnownFileType = text.plist.xml; path = Info.plist; sourceTree = "<group>"; };
		5DBFBA811EC17B930061FE35 /* MCommerceUITests.xctest */ = {isa = PBXFileReference; explicitFileType = wrapper.cfbundle; includeInIndex = 0; path = MCommerceUITests.xctest; sourceTree = BUILT_PRODUCTS_DIR; };
		5DBFBA851EC17B930061FE35 /* MCommerceUITests.swift */ = {isa = PBXFileReference; lastKnownFileType = sourcecode.swift; path = MCommerceUITests.swift; sourceTree = "<group>"; };
		5DBFBA871EC17B930061FE35 /* Info.plist */ = {isa = PBXFileReference; lastKnownFileType = text.plist.xml; path = Info.plist; sourceTree = "<group>"; };
		5DBFBA9E1EC17F5D0061FE35 /* RoundedButton.swift */ = {isa = PBXFileReference; fileEncoding = 4; lastKnownFileType = sourcecode.swift; path = RoundedButton.swift; sourceTree = "<group>"; };
		5DBFBAA51EC195EE0061FE35 /* en */ = {isa = PBXFileReference; lastKnownFileType = text.plist.strings; name = en; path = en.lproj/Localizable.strings; sourceTree = "<group>"; };
		5DBFBAA71EC196BC0061FE35 /* id */ = {isa = PBXFileReference; lastKnownFileType = text.plist.strings; name = id; path = id.lproj/Localizable.strings; sourceTree = "<group>"; };
		5DBFBAA81EC1984C0061FE35 /* Localize.swift */ = {isa = PBXFileReference; fileEncoding = 4; lastKnownFileType = sourcecode.swift; path = Localize.swift; sourceTree = "<group>"; };
		5DBFBAAA1EC198680061FE35 /* Constants.swift */ = {isa = PBXFileReference; fileEncoding = 4; lastKnownFileType = sourcecode.swift; path = Constants.swift; sourceTree = "<group>"; };
		5DBFBAAC1EC19CCB0061FE35 /* RoundedTextField.swift */ = {isa = PBXFileReference; fileEncoding = 4; lastKnownFileType = sourcecode.swift; path = RoundedTextField.swift; sourceTree = "<group>"; };
		5DBFBAAE1EC1B03E0061FE35 /* RoundedProtocol.swift */ = {isa = PBXFileReference; fileEncoding = 4; lastKnownFileType = sourcecode.swift; path = RoundedProtocol.swift; sourceTree = "<group>"; };
		5DBFBAB01EC1B67E0061FE35 /* RatingStarsView.swift */ = {isa = PBXFileReference; fileEncoding = 4; lastKnownFileType = sourcecode.swift; path = RatingStarsView.swift; sourceTree = "<group>"; };
		5DBFBAB41EC1C7960061FE35 /* Podfile */ = {isa = PBXFileReference; fileEncoding = 4; lastKnownFileType = text; path = Podfile; sourceTree = "<group>"; xcLanguageSpecificationIdentifier = xcode.lang.ruby; };
		5DBFBAB81EC1DBD70061FE35 /* String+Extension.swift */ = {isa = PBXFileReference; fileEncoding = 4; lastKnownFileType = sourcecode.swift; path = "String+Extension.swift"; sourceTree = "<group>"; };
		5DC3EDCB1F1F4C1200AE7C8F /* OrderConfirmationViewController.swift */ = {isa = PBXFileReference; fileEncoding = 4; lastKnownFileType = sourcecode.swift; path = OrderConfirmationViewController.swift; sourceTree = "<group>"; };
		5DCC92D61EEF8CDD001C6F42 /* Date+Extension.swift */ = {isa = PBXFileReference; fileEncoding = 4; lastKnownFileType = sourcecode.swift; path = "Date+Extension.swift"; sourceTree = "<group>"; };
		5DCC92D81EEF9187001C6F42 /* SimpleProductCollectionViewCell.swift */ = {isa = PBXFileReference; fileEncoding = 4; lastKnownFileType = sourcecode.swift; path = SimpleProductCollectionViewCell.swift; sourceTree = "<group>"; };
		5DCC92D91EEF9187001C6F42 /* SimpleProductCollectionViewCell.xib */ = {isa = PBXFileReference; fileEncoding = 4; lastKnownFileType = file.xib; path = SimpleProductCollectionViewCell.xib; sourceTree = "<group>"; };
		5DCC92DD1EEF9A81001C6F42 /* ProductDetailViewController.swift */ = {isa = PBXFileReference; fileEncoding = 4; lastKnownFileType = sourcecode.swift; path = ProductDetailViewController.swift; sourceTree = "<group>"; };
		5DD0D9BB1EF0D3BD00E5D2C4 /* ProductImageCollectionViewCell.swift */ = {isa = PBXFileReference; fileEncoding = 4; lastKnownFileType = sourcecode.swift; path = ProductImageCollectionViewCell.swift; sourceTree = "<group>"; };
		5DD0D9BD1EF0DD9B00E5D2C4 /* RoundedView.swift */ = {isa = PBXFileReference; fileEncoding = 4; lastKnownFileType = sourcecode.swift; path = RoundedView.swift; sourceTree = "<group>"; };
		5DD0D9BF1EF116FE00E5D2C4 /* RoundedStepper.swift */ = {isa = PBXFileReference; fileEncoding = 4; lastKnownFileType = sourcecode.swift; path = RoundedStepper.swift; sourceTree = "<group>"; };
		5DD0D9C11EF1196C00E5D2C4 /* TagCollectionViewCell.swift */ = {isa = PBXFileReference; fileEncoding = 4; lastKnownFileType = sourcecode.swift; path = TagCollectionViewCell.swift; sourceTree = "<group>"; };
		5DD0D9C21EF1196C00E5D2C4 /* TagCollectionViewCell.xib */ = {isa = PBXFileReference; fileEncoding = 4; lastKnownFileType = file.xib; path = TagCollectionViewCell.xib; sourceTree = "<group>"; };
		5DD651851ECB0A4300BBC1DD /* BaseViewController.swift */ = {isa = PBXFileReference; fileEncoding = 4; lastKnownFileType = sourcecode.swift; path = BaseViewController.swift; sourceTree = "<group>"; };
		5DD651871ECB0B6800BBC1DD /* UIImage+Extension.swift */ = {isa = PBXFileReference; fileEncoding = 4; lastKnownFileType = sourcecode.swift; path = "UIImage+Extension.swift"; sourceTree = "<group>"; };
		5DD8D7B61EC2F5FB00978D68 /* Color.swift */ = {isa = PBXFileReference; fileEncoding = 4; lastKnownFileType = sourcecode.swift; path = Color.swift; sourceTree = "<group>"; };
		5DD8D7B81EC2FCD100978D68 /* BaseViewProtocol.swift */ = {isa = PBXFileReference; fileEncoding = 4; lastKnownFileType = sourcecode.swift; path = BaseViewProtocol.swift; sourceTree = "<group>"; };
		5DD8D7BA1EC304D000978D68 /* BasicButton.swift */ = {isa = PBXFileReference; fileEncoding = 4; lastKnownFileType = sourcecode.swift; path = BasicButton.swift; sourceTree = "<group>"; };
		5DDAB1BA1F0CC86F00D84F88 /* EditProfileViewController.swift */ = {isa = PBXFileReference; fileEncoding = 4; lastKnownFileType = sourcecode.swift; path = EditProfileViewController.swift; sourceTree = "<group>"; };
		5DE5FE3B1EFFCD1B0089BE25 /* IconLabel.swift */ = {isa = PBXFileReference; fileEncoding = 4; lastKnownFileType = sourcecode.swift; path = IconLabel.swift; sourceTree = "<group>"; };
		5DE5FE3D1EFFD67A0089BE25 /* BorderTextField.swift */ = {isa = PBXFileReference; fileEncoding = 4; lastKnownFileType = sourcecode.swift; path = BorderTextField.swift; sourceTree = "<group>"; };
		5DE5FE3F1EFFDE390089BE25 /* BorderTextView.swift */ = {isa = PBXFileReference; fileEncoding = 4; lastKnownFileType = sourcecode.swift; path = BorderTextView.swift; sourceTree = "<group>"; };
		5DE6AA091F0A391E005B5405 /* EmptyDataView.swift */ = {isa = PBXFileReference; fileEncoding = 4; lastKnownFileType = sourcecode.swift; path = EmptyDataView.swift; sourceTree = "<group>"; };
		5DE9808D1F02446A007685F5 /* FirebaseProtocol.swift */ = {isa = PBXFileReference; fileEncoding = 4; lastKnownFileType = sourcecode.swift; path = FirebaseProtocol.swift; sourceTree = "<group>"; };
		5DE9808F1F02455D007685F5 /* CategoryController.swift */ = {isa = PBXFileReference; fileEncoding = 4; lastKnownFileType = sourcecode.swift; path = CategoryController.swift; sourceTree = "<group>"; };
		5DE980911F02C4A6007685F5 /* ProductController.swift */ = {isa = PBXFileReference; fileEncoding = 4; lastKnownFileType = sourcecode.swift; path = ProductController.swift; sourceTree = "<group>"; };
		5DE980931F02C996007685F5 /* ProductVariant.swift */ = {isa = PBXFileReference; fileEncoding = 4; lastKnownFileType = sourcecode.swift; path = ProductVariant.swift; sourceTree = "<group>"; };
		5DEA367F1F21D9F0008E1F91 /* SavedOrderProfile.swift */ = {isa = PBXFileReference; fileEncoding = 4; lastKnownFileType = sourcecode.swift; path = SavedOrderProfile.swift; sourceTree = "<group>"; };
		5DEB04F91F07B1CA00C190B6 /* CartController.swift */ = {isa = PBXFileReference; fileEncoding = 4; lastKnownFileType = sourcecode.swift; path = CartController.swift; sourceTree = "<group>"; };
		5DEB04FB1F08325A00C190B6 /* OrderController.swift */ = {isa = PBXFileReference; fileEncoding = 4; lastKnownFileType = sourcecode.swift; path = OrderController.swift; sourceTree = "<group>"; };
		5DF000701EFCBDE700764B33 /* ImageTableViewRowAction.swift */ = {isa = PBXFileReference; fileEncoding = 4; lastKnownFileType = sourcecode.swift; path = ImageTableViewRowAction.swift; sourceTree = "<group>"; };
		5DF000721EFCCB7100764B33 /* OrderPayment.swift */ = {isa = PBXFileReference; fileEncoding = 4; lastKnownFileType = sourcecode.swift; path = OrderPayment.swift; sourceTree = "<group>"; };
		5DF000741EFCCE4000764B33 /* OrderNoteViewController.swift */ = {isa = PBXFileReference; fileEncoding = 4; lastKnownFileType = sourcecode.swift; path = OrderNoteViewController.swift; sourceTree = "<group>"; };
		5DF7CFA51EDA8D5A00332E47 /* ProductCollectionViewCell.swift */ = {isa = PBXFileReference; fileEncoding = 4; lastKnownFileType = sourcecode.swift; path = ProductCollectionViewCell.swift; sourceTree = "<group>"; };
		5DF7CFA61EDA8D5A00332E47 /* ProductCollectionViewCell.xib */ = {isa = PBXFileReference; fileEncoding = 4; lastKnownFileType = file.xib; path = ProductCollectionViewCell.xib; sourceTree = "<group>"; };
		5DF7CFA91EDA904000332E47 /* Product.storyboard */ = {isa = PBXFileReference; fileEncoding = 4; lastKnownFileType = file.storyboard; path = Product.storyboard; sourceTree = "<group>"; };
		5DFB65AB1F29B0B900456547 /* BankPayment.swift */ = {isa = PBXFileReference; fileEncoding = 4; lastKnownFileType = sourcecode.swift; path = BankPayment.swift; sourceTree = "<group>"; };
		A7C8A45735443D9941C8C2A1 /* Pods-MCommerce.release.xcconfig */ = {isa = PBXFileReference; includeInIndex = 1; lastKnownFileType = text.xcconfig; name = "Pods-MCommerce.release.xcconfig"; path = "Pods/Target Support Files/Pods-MCommerce/Pods-MCommerce.release.xcconfig"; sourceTree = "<group>"; };
		BB69502731F32516E696A287 /* Pods-MCommerce.debug.xcconfig */ = {isa = PBXFileReference; includeInIndex = 1; lastKnownFileType = text.xcconfig; name = "Pods-MCommerce.debug.xcconfig"; path = "Pods/Target Support Files/Pods-MCommerce/Pods-MCommerce.debug.xcconfig"; sourceTree = "<group>"; };
		DD77B447D6BF3ACF2CF8C470 /* Pods_MCommerce.framework */ = {isa = PBXFileReference; explicitFileType = wrapper.framework; includeInIndex = 0; path = Pods_MCommerce.framework; sourceTree = BUILT_PRODUCTS_DIR; };
/* End PBXFileReference section */

/* Begin PBXFrameworksBuildPhase section */
		5DBFBA5F1EC17B930061FE35 /* Frameworks */ = {
			isa = PBXFrameworksBuildPhase;
			buildActionMask = 2147483647;
			files = (
				B3C0E3C7E4A8CC36997533C8 /* Pods_MCommerce.framework in Frameworks */,
			);
			runOnlyForDeploymentPostprocessing = 0;
		};
		5DBFBA731EC17B930061FE35 /* Frameworks */ = {
			isa = PBXFrameworksBuildPhase;
			buildActionMask = 2147483647;
			files = (
			);
			runOnlyForDeploymentPostprocessing = 0;
		};
		5DBFBA7E1EC17B930061FE35 /* Frameworks */ = {
			isa = PBXFrameworksBuildPhase;
			buildActionMask = 2147483647;
			files = (
			);
			runOnlyForDeploymentPostprocessing = 0;
		};
/* End PBXFrameworksBuildPhase section */

/* Begin PBXGroup section */
		2F53EE31AB52027B281623EE /* Pods */ = {
			isa = PBXGroup;
			children = (
				BB69502731F32516E696A287 /* Pods-MCommerce.debug.xcconfig */,
				A7C8A45735443D9941C8C2A1 /* Pods-MCommerce.release.xcconfig */,
			);
			name = Pods;
			sourceTree = "<group>";
		};
		5D0124BC1EC9BABA009C0955 /* Authentication */ = {
			isa = PBXGroup;
			children = (
				5DBFBA671EC17B930061FE35 /* LoginViewController.swift */,
				5DBE11EC1ED2E06300D133EF /* ForgotPasswordViewController.swift */,
				5D0124BA1EC9BAB6009C0955 /* RegisterViewController.swift */,
			);
			name = Authentication;
			sourceTree = "<group>";
		};
		5D0BBA8C1EFB6FD500C40767 /* Order */ = {
			isa = PBXGroup;
			children = (
				5D0BBA901EFB700800C40767 /* OrderList */,
				5D0CDA391EFA7DFE0004513F /* OrderHistoryViewController.swift */,
				5DC3EDCB1F1F4C1200AE7C8F /* OrderConfirmationViewController.swift */,
				5DBE85031EFEE4A300341A07 /* OrderDetailViewController.swift */,
				5DF000741EFCCE4000764B33 /* OrderNoteViewController.swift */,
			);
			name = Order;
			sourceTree = "<group>";
		};
		5D0BBA8D1EFB6FDD00C40767 /* Cart */ = {
			isa = PBXGroup;
			children = (
				5D8153681EFA2ADA0064B622 /* CartListViewController.swift */,
				5DBE85101EFEFFFB00341A07 /* CheckOut */,
			);
			name = Cart;
			sourceTree = "<group>";
		};
		5D0BBA901EFB700800C40767 /* OrderList */ = {
			isa = PBXGroup;
			children = (
				5D0BBA8E1EFB6FEF00C40767 /* OrderListViewController.swift */,
				5D0BBA911EFB758E00C40767 /* OrderPageViewController.swift */,
				5D0BBA931EFB760700C40767 /* OrderListChildViewController.swift */,
			);
			name = OrderList;
			sourceTree = "<group>";
		};
		5D0CDA311EFA78ED0004513F /* CartTableViewCell */ = {
			isa = PBXGroup;
			children = (
				5D8153601EFA20DE0064B622 /* CartTableViewCell.swift */,
				5D8153611EFA20DE0064B622 /* CartTableViewCell.xib */,
			);
			name = CartTableViewCell;
			sourceTree = "<group>";
		};
		5D0CDA361EFA7C040004513F /* OrderHistoryCell */ = {
			isa = PBXGroup;
			children = (
				5D0CDA321EFA79900004513F /* OrderHistoryTableViewCell.swift */,
				5D0CDA331EFA79900004513F /* OrderHistoryTableViewCell.xib */,
			);
			name = OrderHistoryCell;
			sourceTree = "<group>";
		};
		5D2521661F0AD4A400EFED24 /* SearchTableViewCell */ = {
			isa = PBXGroup;
			children = (
				5D52406B1F0AF3500083539A /* SearchTableViewCell.swift */,
				5D52406C1F0AF3500083539A /* SearchTableViewCell.xib */,
			);
			name = SearchTableViewCell;
			sourceTree = "<group>";
		};
		5D2521671F0AD4B800EFED24 /* SearchPlaceTableViewCell */ = {
			isa = PBXGroup;
			children = (
				5D54902C1F00482800E8C878 /* SearchPlaceTableViewCell.swift */,
				5D54902D1F00482800E8C878 /* SearchPlaceTableViewCell.xib */,
			);
			name = SearchPlaceTableViewCell;
			sourceTree = "<group>";
		};
		5D3914A61F0C3EB6008C0947 /* Settings */ = {
			isa = PBXGroup;
			children = (
				5D706CE11F06CD9E003EAECC /* SettingsViewController.swift */,
				5D8F25B41F0CACF600F1D551 /* ChangePasswordViewController.swift */,
				5DDAB1BA1F0CC86F00D84F88 /* EditProfileViewController.swift */,
				5D3914A71F0C3ECE008C0947 /* ChangeLanguageViewController.swift */,
			);
			name = Settings;
			sourceTree = "<group>";
		};
		5D46A21E1EEF38B800B7C269 /* ProductDetailTableViewCell */ = {
			isa = PBXGroup;
			children = (
				5D46A2181EEF34B600B7C269 /* ProductDetailTableViewCell.swift */,
				5D46A2191EEF34B600B7C269 /* ProductDetailTableViewCell.xib */,
			);
			name = ProductDetailTableViewCell;
			sourceTree = "<group>";
		};
		5D54902B1F0047FA00E8C878 /* OrderTableViewCell */ = {
			isa = PBXGroup;
			children = (
				5D0BBA951EFB7A5000C40767 /* OrderTableViewCell.swift */,
				5D0BBA961EFB7A5000C40767 /* OrderTableViewCell.xib */,
			);
			name = OrderTableViewCell;
			sourceTree = "<group>";
		};
		5D5875531EF6FD2500D31A9F /* Search */ = {
			isa = PBXGroup;
			children = (
				5D5875541EF6FD3600D31A9F /* SearchViewController.swift */,
			);
			name = Search;
			sourceTree = "<group>";
		};
		5D682E361ED58534007D628E /* Button */ = {
			isa = PBXGroup;
			children = (
				5DBFBA9E1EC17F5D0061FE35 /* RoundedButton.swift */,
				5DD8D7BA1EC304D000978D68 /* BasicButton.swift */,
				5DB4EA291EC98251004546CE /* CircleImageButton.swift */,
			);
			name = Button;
			sourceTree = "<group>";
		};
		5D682E371ED5854C007D628E /* View */ = {
			isa = PBXGroup;
			children = (
				5DB4EA2D1EC9909D004546CE /* BackgroundLoginView.swift */,
				5DE6AA091F0A391E005B5405 /* EmptyDataView.swift */,
				5DBFBAB01EC1B67E0061FE35 /* RatingStarsView.swift */,
				5DD0D9BD1EF0DD9B00E5D2C4 /* RoundedView.swift */,
				5DBE85121EFF0A1400341A07 /* HorizontalTimelineView.swift */,
			);
			name = View;
			sourceTree = "<group>";
		};
		5D682E381ED58583007D628E /* Label */ = {
			isa = PBXGroup;
			children = (
				5DB4EA2B1EC98F4D004546CE /* RoundedLabel.swift */,
				5DB4EA381EC9AC34004546CE /* BasicLabel.swift */,
				5DE5FE3B1EFFCD1B0089BE25 /* IconLabel.swift */,
			);
			name = Label;
			sourceTree = "<group>";
		};
		5D682E391ED58597007D628E /* TextField */ = {
			isa = PBXGroup;
			children = (
				5DBFBAAC1EC19CCB0061FE35 /* RoundedTextField.swift */,
				5DE5FE3D1EFFD67A0089BE25 /* BorderTextField.swift */,
			);
			name = TextField;
			sourceTree = "<group>";
		};
		5D682E3A1ED5859F007D628E /* CollectionViewCell */ = {
			isa = PBXGroup;
			children = (
				5D4AAD351EC9685400538E2E /* ProductListCollectionViewCell.swift */,
				5DD0D9BB1EF0D3BD00E5D2C4 /* ProductImageCollectionViewCell.swift */,
				5DBE85111EFF088800341A07 /* OrderPayment */,
				5D8153591EFA206D0064B622 /* TagCollectionViewCell */,
				5DCC92DC1EEF93DE001C6F42 /* SimpleProductCollectionViewCell */,
				5DC9BB441EEE999400BDBF13 /* ProductCollectionViewCell */,
			);
			name = CollectionViewCell;
			sourceTree = "<group>";
		};
		5D682E3B1ED585E0007D628E /* TableViewCell */ = {
			isa = PBXGroup;
			children = (
				5D2521661F0AD4A400EFED24 /* SearchTableViewCell */,
				5D24EF361EC32A6E00B43A71 /* CategoryHomeTableViewCell.swift */,
				5D2521671F0AD4B800EFED24 /* SearchPlaceTableViewCell */,
				5D54902B1F0047FA00E8C878 /* OrderTableViewCell */,
				5D0CDA361EFA7C040004513F /* OrderHistoryCell */,
				5DC9BB491EEE99C200BDBF13 /* ReviewTableViewCell */,
				5D0CDA311EFA78ED0004513F /* CartTableViewCell */,
				5D46A21E1EEF38B800B7C269 /* ProductDetailTableViewCell */,
			);
			name = TableViewCell;
			sourceTree = "<group>";
		};
		5D8153591EFA206D0064B622 /* TagCollectionViewCell */ = {
			isa = PBXGroup;
			children = (
				5DD0D9C11EF1196C00E5D2C4 /* TagCollectionViewCell.swift */,
				5DD0D9C21EF1196C00E5D2C4 /* TagCollectionViewCell.xib */,
			);
			name = TagCollectionViewCell;
			sourceTree = "<group>";
		};
		5DB4EA371EC992F1004546CE /* Fonts */ = {
			isa = PBXGroup;
			children = (
				5DB4EA311EC992ED004546CE /* Lato-Bold.ttf */,
				5DB4EA321EC992ED004546CE /* Lato-Light.ttf */,
				5DB4EA331EC992ED004546CE /* Lato-Regular.ttf */,
			);
			name = Fonts;
			sourceTree = "<group>";
		};
		5DBE11F01ED2EAA500D133EF /* Product */ = {
			isa = PBXGroup;
			children = (
				5D7E78411EF23D52000598BE /* TagViewController.swift */,
				5D1622881EF5C3EA005D1546 /* ProductPreviewViewController.swift */,
				5D764EF11ED44E9700C30FBE /* ProductListViewController.swift */,
				5DCC92DD1EEF9A81001C6F42 /* ProductDetailViewController.swift */,
				5D5BC81E1F03DAA800118B61 /* ProductConfirmationViewController.swift */,
			);
			name = Product;
			sourceTree = "<group>";
		};
		5DBE850F1EFEFFD900341A07 /* Child */ = {
			isa = PBXGroup;
			children = (
				5DBE85091EFEFFAD00341A07 /* CheckOutProfileViewController.swift */,
				5DBE850B1EFEFFBE00341A07 /* CheckOutAddressViewController.swift */,
				5DBE850D1EFEFFD400341A07 /* CheckOutSummaryViewController.swift */,
			);
			name = Child;
			sourceTree = "<group>";
		};
		5DBE85101EFEFFFB00341A07 /* CheckOut */ = {
			isa = PBXGroup;
			children = (
				5DBE850F1EFEFFD900341A07 /* Child */,
				5DBE85051EFEFF6300341A07 /* CheckOutMainViewController.swift */,
				5DBE85071EFEFF7800341A07 /* CheckOutPageViewController.swift */,
			);
			name = CheckOut;
			sourceTree = "<group>";
		};
		5DBE85111EFF088800341A07 /* OrderPayment */ = {
			isa = PBXGroup;
			children = (
				5DA809F91EFBD7780004B96A /* OrderPaymentCollectionViewCell.swift */,
				5DA809FA1EFBD7780004B96A /* OrderPaymentCollectionViewCell.xib */,
			);
			name = OrderPayment;
			sourceTree = "<group>";
		};
		5DBFBA591EC17B930061FE35 = {
			isa = PBXGroup;
			children = (
				5DBFBA641EC17B930061FE35 /* MCommerce */,
				5DBFBAB41EC1C7960061FE35 /* Podfile */,
				5DBFBA651EC17B930061FE35 /* AppDelegate.swift */,
				5DBFBA791EC17B930061FE35 /* MCommerceTests */,
				5DBFBA841EC17B930061FE35 /* MCommerceUITests */,
				5DBFBA631EC17B930061FE35 /* Products */,
				2F53EE31AB52027B281623EE /* Pods */,
				BA225B2BF3E8BEB8B59901D5 /* Frameworks */,
			);
			sourceTree = "<group>";
		};
		5DBFBA631EC17B930061FE35 /* Products */ = {
			isa = PBXGroup;
			children = (
				5DBFBA621EC17B930061FE35 /* MCommerce.app */,
				5DBFBA761EC17B930061FE35 /* MCommerceTests.xctest */,
				5DBFBA811EC17B930061FE35 /* MCommerceUITests.xctest */,
			);
			name = Products;
			sourceTree = "<group>";
		};
		5DBFBA641EC17B930061FE35 /* MCommerce */ = {
			isa = PBXGroup;
			children = (
				5DBFBA941EC17C7D0061FE35 /* ViewController */,
				5DBFBA951EC17C9B0061FE35 /* GeneralController */,
				5DBFBA971EC17CCA0061FE35 /* Model */,
				5DBFBA931EC17BA90061FE35 /* Storyboard */,
				5DBFBA9A1EC17D050061FE35 /* CustomView */,
				5DBFBA961EC17CB00061FE35 /* Assets */,
				5DBFBA991EC17CE60061FE35 /* Utility */,
				5DBFBA981EC17CDE0061FE35 /* Helper */,
				5DBFBAB71EC1DB990061FE35 /* Extensions */,
			);
			path = MCommerce;
			sourceTree = "<group>";
		};
		5DBFBA791EC17B930061FE35 /* MCommerceTests */ = {
			isa = PBXGroup;
			children = (
				5DBFBA7A1EC17B930061FE35 /* MCommerceTests.swift */,
				5DBFBA7C1EC17B930061FE35 /* Info.plist */,
			);
			path = MCommerceTests;
			sourceTree = "<group>";
		};
		5DBFBA841EC17B930061FE35 /* MCommerceUITests */ = {
			isa = PBXGroup;
			children = (
				5DBFBA851EC17B930061FE35 /* MCommerceUITests.swift */,
				5DBFBA871EC17B930061FE35 /* Info.plist */,
			);
			path = MCommerceUITests;
			sourceTree = "<group>";
		};
		5DBFBA931EC17BA90061FE35 /* Storyboard */ = {
			isa = PBXGroup;
			children = (
				5D0CDA2D1EFA71B70004513F /* Order.storyboard */,
				5D706CE31F06D6C9003EAECC /* Authentication.storyboard */,
				5DBFBA691EC17B930061FE35 /* Home.storyboard */,
				5DF7CFA91EDA904000332E47 /* Product.storyboard */,
				5D5875561EF6FFE400D31A9F /* Search.storyboard */,
				5DBFBA6E1EC17B930061FE35 /* LaunchScreen.storyboard */,
				5D8153661EFA26C20064B622 /* Cart.storyboard */,
				5D706CDF1F06CC0B003EAECC /* Setting.storyboard */,
			);
			name = Storyboard;
			sourceTree = "<group>";
		};
		5DBFBA941EC17C7D0061FE35 /* ViewController */ = {
			isa = PBXGroup;
			children = (
				5DD651851ECB0A4300BBC1DD /* BaseViewController.swift */,
				5DBE11EE1ED2EA9B00D133EF /* HomeViewController.swift */,
				5D3914A61F0C3EB6008C0947 /* Settings */,
				5D0BBA8D1EFB6FDD00C40767 /* Cart */,
				5D0BBA8C1EFB6FD500C40767 /* Order */,
				5D5875531EF6FD2500D31A9F /* Search */,
				5DBE11F01ED2EAA500D133EF /* Product */,
				5D0124BC1EC9BABA009C0955 /* Authentication */,
			);
			name = ViewController;
			sourceTree = "<group>";
		};
		5DBFBA951EC17C9B0061FE35 /* GeneralController */ = {
			isa = PBXGroup;
			children = (
				5D5490301F00531C00E8C878 /* SearchPlaceController.swift */,
				5DEB04F91F07B1CA00C190B6 /* CartController.swift */,
				5D706CE51F06F851003EAECC /* AuthController.swift */,
				5DE9808F1F02455D007685F5 /* CategoryController.swift */,
				5DEB04FB1F08325A00C190B6 /* OrderController.swift */,
				5D5240691F0ADC830083539A /* SearchController.swift */,
				5DE980911F02C4A6007685F5 /* ProductController.swift */,
			);
			name = GeneralController;
			sourceTree = "<group>";
		};
		5DBFBA961EC17CB00061FE35 /* Assets */ = {
			isa = PBXGroup;
			children = (
				5DB4EA371EC992F1004546CE /* Fonts */,
				5DBFBA6C1EC17B930061FE35 /* Assets.xcassets */,
			);
			name = Assets;
			sourceTree = "<group>";
		};
		5DBFBA971EC17CCA0061FE35 /* Model */ = {
			isa = PBXGroup;
			children = (
				5D24EF381EC32A8500B43A71 /* Category.swift */,
				5D0CDA2F1EFA77940004513F /* OrderHistory.swift */,
				5D0BBA991EFB7D0E00C40767 /* OrderProfile.swift */,
				5D7E783F1EF23A31000598BE /* ProductTag.swift */,
				5D24EF3A1EC32A8D00B43A71 /* Product.swift */,
				5D46A21C1EEF368600B7C269 /* ProductDetail.swift */,
				5DE980931F02C996007685F5 /* ProductVariant.swift */,
				5D24EF3C1EC32A9800B43A71 /* Review.swift */,
				5D542EA11EC96A9E00855EE0 /* User.swift */,
				5D8153641EFA24090064B622 /* Cart.swift */,
				5DB4EA271EC96CEA004546CE /* UserType.swift */,
				5D0CDA371EFA7C4D0004513F /* Order.swift */,
				5DF000721EFCCB7100764B33 /* OrderPayment.swift */,
				5DA67F0D1F01374200C14203 /* SearchPlace.swift */,
				5D4EE7DD1F0B930B00CF48EE /* SearchResult.swift */,
				5DE9808D1F02446A007685F5 /* FirebaseProtocol.swift */,
				5D706CE71F07384A003EAECC /* ErrorCode.swift */,
				5DEA367F1F21D9F0008E1F91 /* SavedOrderProfile.swift */,
				5DFB65AB1F29B0B900456547 /* BankPayment.swift */,
			);
			name = Model;
			sourceTree = "<group>";
		};
		5DBFBA981EC17CDE0061FE35 /* Helper */ = {
			isa = PBXGroup;
			children = (
				5DBFBAA81EC1984C0061FE35 /* Localize.swift */,
				5D1079861F017BD200176591 /* Alert.swift */,
				5DD8D7B81EC2FCD100978D68 /* BaseViewProtocol.swift */,
				5D4AAD311EC9642000538E2E /* Font.swift */,
				5DD8D7B61EC2F5FB00978D68 /* Color.swift */,
				5D1A220C1F0A5CD700F58DA4 /* TabBarBadge.swift */,
				5DBFBAAA1EC198680061FE35 /* Constants.swift */,
			);
			name = Helper;
			sourceTree = "<group>";
		};
		5DBFBA991EC17CE60061FE35 /* Utility */ = {
			isa = PBXGroup;
			children = (
				5DBFBA711EC17B930061FE35 /* Info.plist */,
				5DB4EA2F1EC992C0004546CE /* GoogleService-Info.plist */,
				5DBFBAA61EC195EE0061FE35 /* Localizable.strings */,
			);
			name = Utility;
			sourceTree = "<group>";
		};
		5DBFBA9A1EC17D050061FE35 /* CustomView */ = {
			isa = PBXGroup;
			children = (
				5D682E361ED58534007D628E /* Button */,
				5D682E3A1ED5859F007D628E /* CollectionViewCell */,
				5D682E381ED58583007D628E /* Label */,
				5D682E3B1ED585E0007D628E /* TableViewCell */,
				5D682E391ED58597007D628E /* TextField */,
				5D682E371ED5854C007D628E /* View */,
				5DBFBAAE1EC1B03E0061FE35 /* RoundedProtocol.swift */,
				5DE5FE3F1EFFDE390089BE25 /* BorderTextView.swift */,
				5DF000701EFCBDE700764B33 /* ImageTableViewRowAction.swift */,
				5D7E783D1EF23799000598BE /* TagCollectionView.swift */,
				5DD0D9BF1EF116FE00E5D2C4 /* RoundedStepper.swift */,
				5D682E3C1ED58A87007D628E /* ReuseCellProtocol.swift */,
				5D682E341ED5851A007D628E /* DynamicColllectionViewLayout.swift */,
			);
			name = CustomView;
			sourceTree = "<group>";
		};
		5DBFBAB71EC1DB990061FE35 /* Extensions */ = {
			isa = PBXGroup;
			children = (
				5DBFBAB81EC1DBD70061FE35 /* String+Extension.swift */,
				5DCC92D61EEF8CDD001C6F42 /* Date+Extension.swift */,
				5DA440991ED6F7BC0093437A /* Double+Extension.swift */,
				5DD651871ECB0B6800BBC1DD /* UIImage+Extension.swift */,
				5DBE11F11ED2EC8000D133EF /* UIImageView+Extension.swift */,
			);
			name = Extensions;
			sourceTree = "<group>";
		};
		5DC9BB441EEE999400BDBF13 /* ProductCollectionViewCell */ = {
			isa = PBXGroup;
			children = (
				5DF7CFA51EDA8D5A00332E47 /* ProductCollectionViewCell.swift */,
				5DF7CFA61EDA8D5A00332E47 /* ProductCollectionViewCell.xib */,
			);
			name = ProductCollectionViewCell;
			sourceTree = "<group>";
		};
		5DC9BB491EEE99C200BDBF13 /* ReviewTableViewCell */ = {
			isa = PBXGroup;
			children = (
				5D69071A1EEF3BAE00F0A6B9 /* ReviewTableViewCell.xib */,
				5D69071C1EEF3C0200F0A6B9 /* ReviewTableViewCell.swift */,
			);
			name = ReviewTableViewCell;
			sourceTree = "<group>";
		};
		5DCC92DC1EEF93DE001C6F42 /* SimpleProductCollectionViewCell */ = {
			isa = PBXGroup;
			children = (
				5DCC92D81EEF9187001C6F42 /* SimpleProductCollectionViewCell.swift */,
				5DCC92D91EEF9187001C6F42 /* SimpleProductCollectionViewCell.xib */,
			);
			name = SimpleProductCollectionViewCell;
			sourceTree = "<group>";
		};
		BA225B2BF3E8BEB8B59901D5 /* Frameworks */ = {
			isa = PBXGroup;
			children = (
				DD77B447D6BF3ACF2CF8C470 /* Pods_MCommerce.framework */,
			);
			name = Frameworks;
			sourceTree = "<group>";
		};
/* End PBXGroup section */

/* Begin PBXNativeTarget section */
		5DBFBA611EC17B930061FE35 /* MCommerce */ = {
			isa = PBXNativeTarget;
			buildConfigurationList = 5DBFBA8A1EC17B930061FE35 /* Build configuration list for PBXNativeTarget "MCommerce" */;
			buildPhases = (
				2F6ACDCCB03C5114DF3E073F /* [CP] Check Pods Manifest.lock */,
				5DBFBA5E1EC17B930061FE35 /* Sources */,
				5DBFBA5F1EC17B930061FE35 /* Frameworks */,
				5DBFBA601EC17B930061FE35 /* Resources */,
				28CE4D6DEE0C27EA412C4B24 /* [CP] Embed Pods Frameworks */,
				70A724EA3EBB36C478DBE12C /* [CP] Copy Pods Resources */,
			);
			buildRules = (
			);
			dependencies = (
			);
			name = MCommerce;
			productName = MCommerce;
			productReference = 5DBFBA621EC17B930061FE35 /* MCommerce.app */;
			productType = "com.apple.product-type.application";
		};
		5DBFBA751EC17B930061FE35 /* MCommerceTests */ = {
			isa = PBXNativeTarget;
			buildConfigurationList = 5DBFBA8D1EC17B930061FE35 /* Build configuration list for PBXNativeTarget "MCommerceTests" */;
			buildPhases = (
				5DBFBA721EC17B930061FE35 /* Sources */,
				5DBFBA731EC17B930061FE35 /* Frameworks */,
				5DBFBA741EC17B930061FE35 /* Resources */,
			);
			buildRules = (
			);
			dependencies = (
				5DBFBA781EC17B930061FE35 /* PBXTargetDependency */,
			);
			name = MCommerceTests;
			productName = MCommerceTests;
			productReference = 5DBFBA761EC17B930061FE35 /* MCommerceTests.xctest */;
			productType = "com.apple.product-type.bundle.unit-test";
		};
		5DBFBA801EC17B930061FE35 /* MCommerceUITests */ = {
			isa = PBXNativeTarget;
			buildConfigurationList = 5DBFBA901EC17B930061FE35 /* Build configuration list for PBXNativeTarget "MCommerceUITests" */;
			buildPhases = (
				5DBFBA7D1EC17B930061FE35 /* Sources */,
				5DBFBA7E1EC17B930061FE35 /* Frameworks */,
				5DBFBA7F1EC17B930061FE35 /* Resources */,
			);
			buildRules = (
			);
			dependencies = (
				5DBFBA831EC17B930061FE35 /* PBXTargetDependency */,
			);
			name = MCommerceUITests;
			productName = MCommerceUITests;
			productReference = 5DBFBA811EC17B930061FE35 /* MCommerceUITests.xctest */;
			productType = "com.apple.product-type.bundle.ui-testing";
		};
/* End PBXNativeTarget section */

/* Begin PBXProject section */
		5DBFBA5A1EC17B930061FE35 /* Project object */ = {
			isa = PBXProject;
			attributes = {
				LastSwiftUpdateCheck = 0830;
				LastUpgradeCheck = 0830;
				ORGANIZATIONNAME = "Ambar Septian";
				TargetAttributes = {
					5DBFBA611EC17B930061FE35 = {
						CreatedOnToolsVersion = 8.3.2;
						DevelopmentTeam = Q3EM23MFA9;
						ProvisioningStyle = Automatic;
					};
					5DBFBA751EC17B930061FE35 = {
						CreatedOnToolsVersion = 8.3.2;
						DevelopmentTeam = Q3EM23MFA9;
						ProvisioningStyle = Automatic;
						TestTargetID = 5DBFBA611EC17B930061FE35;
					};
					5DBFBA801EC17B930061FE35 = {
						CreatedOnToolsVersion = 8.3.2;
						DevelopmentTeam = Q3EM23MFA9;
						ProvisioningStyle = Automatic;
						TestTargetID = 5DBFBA611EC17B930061FE35;
					};
				};
			};
			buildConfigurationList = 5DBFBA5D1EC17B930061FE35 /* Build configuration list for PBXProject "MCommerce" */;
			compatibilityVersion = "Xcode 3.2";
			developmentRegion = English;
			hasScannedForEncodings = 0;
			knownRegions = (
				en,
				Base,
				id,
			);
			mainGroup = 5DBFBA591EC17B930061FE35;
			productRefGroup = 5DBFBA631EC17B930061FE35 /* Products */;
			projectDirPath = "";
			projectRoot = "";
			targets = (
				5DBFBA611EC17B930061FE35 /* MCommerce */,
				5DBFBA751EC17B930061FE35 /* MCommerceTests */,
				5DBFBA801EC17B930061FE35 /* MCommerceUITests */,
			);
		};
/* End PBXProject section */

/* Begin PBXResourcesBuildPhase section */
		5DBFBA601EC17B930061FE35 /* Resources */ = {
			isa = PBXResourcesBuildPhase;
			buildActionMask = 2147483647;
			files = (
				5DB4EA341EC992ED004546CE /* Lato-Bold.ttf in Resources */,
				5D8153671EFA26C20064B622 /* Cart.storyboard in Resources */,
				5DA809FC1EFBD7780004B96A /* OrderPaymentCollectionViewCell.xib in Resources */,
				5D706CE01F06CC0B003EAECC /* Setting.storyboard in Resources */,
				5D5875571EF6FFE400D31A9F /* Search.storyboard in Resources */,
				5DF7CFAA1EDA904000332E47 /* Product.storyboard in Resources */,
				5D0BBA981EFB7A5000C40767 /* OrderTableViewCell.xib in Resources */,
				5DBFBAB51EC1C7960061FE35 /* Podfile in Resources */,
				5DD0D9C41EF1196C00E5D2C4 /* TagCollectionViewCell.xib in Resources */,
				5D706CE41F06D6C9003EAECC /* Authentication.storyboard in Resources */,
				5DF7CFA81EDA8D5A00332E47 /* ProductCollectionViewCell.xib in Resources */,
				5DCC92DB1EEF9187001C6F42 /* SimpleProductCollectionViewCell.xib in Resources */,
				5DBFBAA41EC195EE0061FE35 /* Localizable.strings in Resources */,
				5D54902F1F00482800E8C878 /* SearchPlaceTableViewCell.xib in Resources */,
				5D8153631EFA20DE0064B622 /* CartTableViewCell.xib in Resources */,
				5DBFBA701EC17B930061FE35 /* LaunchScreen.storyboard in Resources */,
				5DB4EA361EC992ED004546CE /* Lato-Regular.ttf in Resources */,
				5DBFBA6D1EC17B930061FE35 /* Assets.xcassets in Resources */,
				5DBFBA6B1EC17B930061FE35 /* Home.storyboard in Resources */,
				5D0CDA2E1EFA71B70004513F /* Order.storyboard in Resources */,
				5D69071B1EEF3BAE00F0A6B9 /* ReviewTableViewCell.xib in Resources */,
				5D0CDA351EFA79900004513F /* OrderHistoryTableViewCell.xib in Resources */,
				5D46A21B1EEF34B600B7C269 /* ProductDetailTableViewCell.xib in Resources */,
				5DB4EA301EC992C0004546CE /* GoogleService-Info.plist in Resources */,
				5DB4EA351EC992ED004546CE /* Lato-Light.ttf in Resources */,
				5D52406E1F0AF3500083539A /* SearchTableViewCell.xib in Resources */,
			);
			runOnlyForDeploymentPostprocessing = 0;
		};
		5DBFBA741EC17B930061FE35 /* Resources */ = {
			isa = PBXResourcesBuildPhase;
			buildActionMask = 2147483647;
			files = (
			);
			runOnlyForDeploymentPostprocessing = 0;
		};
		5DBFBA7F1EC17B930061FE35 /* Resources */ = {
			isa = PBXResourcesBuildPhase;
			buildActionMask = 2147483647;
			files = (
			);
			runOnlyForDeploymentPostprocessing = 0;
		};
/* End PBXResourcesBuildPhase section */

/* Begin PBXShellScriptBuildPhase section */
		28CE4D6DEE0C27EA412C4B24 /* [CP] Embed Pods Frameworks */ = {
			isa = PBXShellScriptBuildPhase;
			buildActionMask = 2147483647;
			files = (
			);
			inputPaths = (
			);
			name = "[CP] Embed Pods Frameworks";
			outputPaths = (
			);
			runOnlyForDeploymentPostprocessing = 0;
			shellPath = /bin/sh;
			shellScript = "\"${SRCROOT}/Pods/Target Support Files/Pods-MCommerce/Pods-MCommerce-frameworks.sh\"\n";
			showEnvVarsInLog = 0;
		};
		2F6ACDCCB03C5114DF3E073F /* [CP] Check Pods Manifest.lock */ = {
			isa = PBXShellScriptBuildPhase;
			buildActionMask = 2147483647;
			files = (
			);
			inputPaths = (
			);
			name = "[CP] Check Pods Manifest.lock";
			outputPaths = (
			);
			runOnlyForDeploymentPostprocessing = 0;
			shellPath = /bin/sh;
			shellScript = "diff \"${PODS_PODFILE_DIR_PATH}/Podfile.lock\" \"${PODS_ROOT}/Manifest.lock\" > /dev/null\nif [ $? != 0 ] ; then\n    # print error to STDERR\n    echo \"error: The sandbox is not in sync with the Podfile.lock. Run 'pod install' or update your CocoaPods installation.\" >&2\n    exit 1\nfi\n";
			showEnvVarsInLog = 0;
		};
		70A724EA3EBB36C478DBE12C /* [CP] Copy Pods Resources */ = {
			isa = PBXShellScriptBuildPhase;
			buildActionMask = 2147483647;
			files = (
			);
			inputPaths = (
			);
			name = "[CP] Copy Pods Resources";
			outputPaths = (
			);
			runOnlyForDeploymentPostprocessing = 0;
			shellPath = /bin/sh;
			shellScript = "\"${SRCROOT}/Pods/Target Support Files/Pods-MCommerce/Pods-MCommerce-resources.sh\"\n";
			showEnvVarsInLog = 0;
		};
/* End PBXShellScriptBuildPhase section */

/* Begin PBXSourcesBuildPhase section */
		5DBFBA5E1EC17B930061FE35 /* Sources */ = {
			isa = PBXSourcesBuildPhase;
			buildActionMask = 2147483647;
			files = (
				5DA809FB1EFBD7780004B96A /* OrderPaymentCollectionViewCell.swift in Sources */,
				5DBE11F21ED2EC8000D133EF /* UIImageView+Extension.swift in Sources */,
				5DBFBAAB1EC198680061FE35 /* Constants.swift in Sources */,
				5DBFBAB91EC1DBD70061FE35 /* String+Extension.swift in Sources */,
				5D8F25B51F0CACF600F1D551 /* ChangePasswordViewController.swift in Sources */,
				5D0CDA381EFA7C4D0004513F /* Order.swift in Sources */,
				5DA67F0E1F01374200C14203 /* SearchPlace.swift in Sources */,
				5D5875551EF6FD3600D31A9F /* SearchViewController.swift in Sources */,
				5DEB04FA1F07B1CA00C190B6 /* CartController.swift in Sources */,
				5D706CE81F07384A003EAECC /* ErrorCode.swift in Sources */,
				5D52406A1F0ADC830083539A /* SearchController.swift in Sources */,
				5D24EF3B1EC32A8D00B43A71 /* Product.swift in Sources */,
				5DBE850E1EFEFFD400341A07 /* CheckOutSummaryViewController.swift in Sources */,
				5DD8D7B91EC2FCD100978D68 /* BaseViewProtocol.swift in Sources */,
				5D8153691EFA2ADA0064B622 /* CartListViewController.swift in Sources */,
				5DBE850C1EFEFFBE00341A07 /* CheckOutAddressViewController.swift in Sources */,
				5DD0D9C31EF1196C00E5D2C4 /* TagCollectionViewCell.swift in Sources */,
				5DE980941F02C996007685F5 /* ProductVariant.swift in Sources */,
				5DCC92D71EEF8CDD001C6F42 /* Date+Extension.swift in Sources */,
				5DD0D9C01EF116FE00E5D2C4 /* RoundedStepper.swift in Sources */,
				5DBFBAA91EC1984C0061FE35 /* Localize.swift in Sources */,
				5D0CDA341EFA79900004513F /* OrderHistoryTableViewCell.swift in Sources */,
				5DD651861ECB0A4300BBC1DD /* BaseViewController.swift in Sources */,
				5D54902E1F00482800E8C878 /* SearchPlaceTableViewCell.swift in Sources */,
				5DD8D7B71EC2F5FB00978D68 /* Color.swift in Sources */,
				5DB4EA2C1EC98F4D004546CE /* RoundedLabel.swift in Sources */,
				5DCC92DA1EEF9187001C6F42 /* SimpleProductCollectionViewCell.swift in Sources */,
				5DBE85081EFEFF7800341A07 /* CheckOutPageViewController.swift in Sources */,
				5DE6AA0A1F0A391E005B5405 /* EmptyDataView.swift in Sources */,
				5D7E78421EF23D52000598BE /* TagViewController.swift in Sources */,
				5D706CE61F06F851003EAECC /* AuthController.swift in Sources */,
				5DE9808E1F02446A007685F5 /* FirebaseProtocol.swift in Sources */,
				5DBE11ED1ED2E06300D133EF /* ForgotPasswordViewController.swift in Sources */,
				5D1A220D1F0A5CD700F58DA4 /* TabBarBadge.swift in Sources */,
				5D682E351ED5851A007D628E /* DynamicColllectionViewLayout.swift in Sources */,
				5D46A21D1EEF368600B7C269 /* ProductDetail.swift in Sources */,
				5DE980921F02C4A6007685F5 /* ProductController.swift in Sources */,
				5D0BBA8F1EFB6FEF00C40767 /* OrderListViewController.swift in Sources */,
				5DB4EA281EC96CEA004546CE /* UserType.swift in Sources */,
				5D682E3D1ED58A87007D628E /* ReuseCellProtocol.swift in Sources */,
				5D706CE21F06CD9E003EAECC /* SettingsViewController.swift in Sources */,
				5DBFBAAF1EC1B03E0061FE35 /* RoundedProtocol.swift in Sources */,
				5D46A21A1EEF34B600B7C269 /* ProductDetailTableViewCell.swift in Sources */,
				5DD0D9BC1EF0D3BD00E5D2C4 /* ProductImageCollectionViewCell.swift in Sources */,
				5DBE85131EFF0A1400341A07 /* HorizontalTimelineView.swift in Sources */,
				5DB4EA2E1EC9909D004546CE /* BackgroundLoginView.swift in Sources */,
				5D0BBA9A1EFB7D0E00C40767 /* OrderProfile.swift in Sources */,
				5D0BBA921EFB758E00C40767 /* OrderPageViewController.swift in Sources */,
				5D4EE7DE1F0B930B00CF48EE /* SearchResult.swift in Sources */,
				5DD0D9BE1EF0DD9B00E5D2C4 /* RoundedView.swift in Sources */,
				5D8153651EFA24090064B622 /* Cart.swift in Sources */,
				5D24EF371EC32A6E00B43A71 /* CategoryHomeTableViewCell.swift in Sources */,
				5D7E78401EF23A31000598BE /* ProductTag.swift in Sources */,
				5D5BC81F1F03DAA800118B61 /* ProductConfirmationViewController.swift in Sources */,
				5DD8D7BB1EC304D000978D68 /* BasicButton.swift in Sources */,
				5D24EF3D1EC32A9800B43A71 /* Review.swift in Sources */,
				5DB4EA391EC9AC34004546CE /* BasicLabel.swift in Sources */,
				5DE5FE401EFFDE390089BE25 /* BorderTextView.swift in Sources */,
				5D1622891EF5C3EA005D1546 /* ProductPreviewViewController.swift in Sources */,
				5DCC92DE1EEF9A81001C6F42 /* ProductDetailViewController.swift in Sources */,
				5D4AAD361EC9685400538E2E /* ProductListCollectionViewCell.swift in Sources */,
				5D69071D1EEF3C0200F0A6B9 /* ReviewTableViewCell.swift in Sources */,
				5DE980901F02455D007685F5 /* CategoryController.swift in Sources */,
				5D3914A81F0C3ECE008C0947 /* ChangeLanguageViewController.swift in Sources */,
				5DBFBA681EC17B930061FE35 /* LoginViewController.swift in Sources */,
				5D8153621EFA20DE0064B622 /* CartTableViewCell.swift in Sources */,
				5D0124BB1EC9BAB6009C0955 /* RegisterViewController.swift in Sources */,
				5DBE850A1EFEFFAD00341A07 /* CheckOutProfileViewController.swift in Sources */,
				5DBE11EF1ED2EA9C00D133EF /* HomeViewController.swift in Sources */,
				5D7E783E1EF23799000598BE /* TagCollectionView.swift in Sources */,
				5DEA36801F21D9F0008E1F91 /* SavedOrderProfile.swift in Sources */,
				5DA4409A1ED6F7BC0093437A /* Double+Extension.swift in Sources */,
				5DF000711EFCBDE700764B33 /* ImageTableViewRowAction.swift in Sources */,
				5DEB04FC1F08325A00C190B6 /* OrderController.swift in Sources */,
				5DFB65AC1F29B0B900456547 /* BankPayment.swift in Sources */,
				5DBFBAAD1EC19CCB0061FE35 /* RoundedTextField.swift in Sources */,
				5DE5FE3E1EFFD67A0089BE25 /* BorderTextField.swift in Sources */,
				5D764EF21ED44E9700C30FBE /* ProductListViewController.swift in Sources */,
				5D0BBA941EFB760700C40767 /* OrderListChildViewController.swift in Sources */,
				5DF000751EFCCE4000764B33 /* OrderNoteViewController.swift in Sources */,
				5D52406D1F0AF3500083539A /* SearchTableViewCell.swift in Sources */,
				5D4AAD321EC9642000538E2E /* Font.swift in Sources */,
				5D1079871F017BD200176591 /* Alert.swift in Sources */,
				5DE5FE3C1EFFCD1B0089BE25 /* IconLabel.swift in Sources */,
				5DBFBAB11EC1B67E0061FE35 /* RatingStarsView.swift in Sources */,
				5DD651881ECB0B6800BBC1DD /* UIImage+Extension.swift in Sources */,
				5D0CDA3A1EFA7DFE0004513F /* OrderHistoryViewController.swift in Sources */,
				5DB4EA2A1EC98251004546CE /* CircleImageButton.swift in Sources */,
				5DC3EDCC1F1F4C1200AE7C8F /* OrderConfirmationViewController.swift in Sources */,
				5DBFBA9F1EC17F5D0061FE35 /* RoundedButton.swift in Sources */,
				5DBE85061EFEFF6300341A07 /* CheckOutMainViewController.swift in Sources */,
				5DBFBA661EC17B930061FE35 /* AppDelegate.swift in Sources */,
				5DBE85041EFEE4A300341A07 /* OrderDetailViewController.swift in Sources */,
				5DDAB1BB1F0CC86F00D84F88 /* EditProfileViewController.swift in Sources */,
				5D0CDA301EFA77940004513F /* OrderHistory.swift in Sources */,
				5D24EF391EC32A8500B43A71 /* Category.swift in Sources */,
				5D542EA21EC96A9E00855EE0 /* User.swift in Sources */,
				5DF7CFA71EDA8D5A00332E47 /* ProductCollectionViewCell.swift in Sources */,
				5D0BBA971EFB7A5000C40767 /* OrderTableViewCell.swift in Sources */,
				5DF000731EFCCB7100764B33 /* OrderPayment.swift in Sources */,
				5D5490311F00531C00E8C878 /* SearchPlaceController.swift in Sources */,
			);
			runOnlyForDeploymentPostprocessing = 0;
		};
		5DBFBA721EC17B930061FE35 /* Sources */ = {
			isa = PBXSourcesBuildPhase;
			buildActionMask = 2147483647;
			files = (
				5DBFBA7B1EC17B930061FE35 /* MCommerceTests.swift in Sources */,
			);
			runOnlyForDeploymentPostprocessing = 0;
		};
		5DBFBA7D1EC17B930061FE35 /* Sources */ = {
			isa = PBXSourcesBuildPhase;
			buildActionMask = 2147483647;
			files = (
				5DBFBA861EC17B930061FE35 /* MCommerceUITests.swift in Sources */,
			);
			runOnlyForDeploymentPostprocessing = 0;
		};
/* End PBXSourcesBuildPhase section */

/* Begin PBXTargetDependency section */
		5DBFBA781EC17B930061FE35 /* PBXTargetDependency */ = {
			isa = PBXTargetDependency;
			target = 5DBFBA611EC17B930061FE35 /* MCommerce */;
			targetProxy = 5DBFBA771EC17B930061FE35 /* PBXContainerItemProxy */;
		};
		5DBFBA831EC17B930061FE35 /* PBXTargetDependency */ = {
			isa = PBXTargetDependency;
			target = 5DBFBA611EC17B930061FE35 /* MCommerce */;
			targetProxy = 5DBFBA821EC17B930061FE35 /* PBXContainerItemProxy */;
		};
/* End PBXTargetDependency section */

/* Begin PBXVariantGroup section */
		5DBFBA691EC17B930061FE35 /* Home.storyboard */ = {
			isa = PBXVariantGroup;
			children = (
				5DBFBA6A1EC17B930061FE35 /* Base */,
			);
			name = Home.storyboard;
			sourceTree = "<group>";
		};
		5DBFBA6E1EC17B930061FE35 /* LaunchScreen.storyboard */ = {
			isa = PBXVariantGroup;
			children = (
				5DBFBA6F1EC17B930061FE35 /* Base */,
			);
			name = LaunchScreen.storyboard;
			sourceTree = "<group>";
		};
		5DBFBAA61EC195EE0061FE35 /* Localizable.strings */ = {
			isa = PBXVariantGroup;
			children = (
				5DBFBAA51EC195EE0061FE35 /* en */,
				5DBFBAA71EC196BC0061FE35 /* id */,
			);
			name = Localizable.strings;
			sourceTree = "<group>";
		};
/* End PBXVariantGroup section */

/* Begin XCBuildConfiguration section */
		5DBFBA881EC17B930061FE35 /* Debug */ = {
			isa = XCBuildConfiguration;
			buildSettings = {
				ALWAYS_SEARCH_USER_PATHS = NO;
				CLANG_ANALYZER_LOCALIZABILITY_NONLOCALIZED = YES;
				CLANG_ANALYZER_NONNULL = YES;
				CLANG_ANALYZER_NUMBER_OBJECT_CONVERSION = YES_AGGRESSIVE;
				CLANG_CXX_LANGUAGE_STANDARD = "gnu++0x";
				CLANG_CXX_LIBRARY = "libc++";
				CLANG_ENABLE_MODULES = YES;
				CLANG_ENABLE_OBJC_ARC = YES;
				CLANG_WARN_BOOL_CONVERSION = YES;
				CLANG_WARN_CONSTANT_CONVERSION = YES;
				CLANG_WARN_DIRECT_OBJC_ISA_USAGE = YES_ERROR;
				CLANG_WARN_DOCUMENTATION_COMMENTS = YES;
				CLANG_WARN_EMPTY_BODY = YES;
				CLANG_WARN_ENUM_CONVERSION = YES;
				CLANG_WARN_INFINITE_RECURSION = YES;
				CLANG_WARN_INT_CONVERSION = YES;
				CLANG_WARN_OBJC_ROOT_CLASS = YES_ERROR;
				CLANG_WARN_SUSPICIOUS_MOVE = YES;
				CLANG_WARN_UNREACHABLE_CODE = YES;
				CLANG_WARN__DUPLICATE_METHOD_MATCH = YES;
				"CODE_SIGN_IDENTITY[sdk=iphoneos*]" = "iPhone Developer";
				COPY_PHASE_STRIP = NO;
				DEBUG_INFORMATION_FORMAT = dwarf;
				ENABLE_STRICT_OBJC_MSGSEND = YES;
				ENABLE_TESTABILITY = YES;
				GCC_C_LANGUAGE_STANDARD = gnu99;
				GCC_DYNAMIC_NO_PIC = NO;
				GCC_NO_COMMON_BLOCKS = YES;
				GCC_OPTIMIZATION_LEVEL = 0;
				GCC_PREPROCESSOR_DEFINITIONS = (
					"DEBUG=1",
					"$(inherited)",
				);
				GCC_WARN_64_TO_32_BIT_CONVERSION = YES;
				GCC_WARN_ABOUT_RETURN_TYPE = YES_ERROR;
				GCC_WARN_UNDECLARED_SELECTOR = YES;
				GCC_WARN_UNINITIALIZED_AUTOS = YES_AGGRESSIVE;
				GCC_WARN_UNUSED_FUNCTION = YES;
				GCC_WARN_UNUSED_VARIABLE = YES;
				IPHONEOS_DEPLOYMENT_TARGET = 10.0;
				MTL_ENABLE_DEBUG_INFO = YES;
				ONLY_ACTIVE_ARCH = YES;
				SDKROOT = iphoneos;
				SWIFT_ACTIVE_COMPILATION_CONDITIONS = DEBUG;
				SWIFT_OPTIMIZATION_LEVEL = "-Onone";
				TARGETED_DEVICE_FAMILY = "1,2";
			};
			name = Debug;
		};
		5DBFBA891EC17B930061FE35 /* Release */ = {
			isa = XCBuildConfiguration;
			buildSettings = {
				ALWAYS_SEARCH_USER_PATHS = NO;
				CLANG_ANALYZER_LOCALIZABILITY_NONLOCALIZED = YES;
				CLANG_ANALYZER_NONNULL = YES;
				CLANG_ANALYZER_NUMBER_OBJECT_CONVERSION = YES_AGGRESSIVE;
				CLANG_CXX_LANGUAGE_STANDARD = "gnu++0x";
				CLANG_CXX_LIBRARY = "libc++";
				CLANG_ENABLE_MODULES = YES;
				CLANG_ENABLE_OBJC_ARC = YES;
				CLANG_WARN_BOOL_CONVERSION = YES;
				CLANG_WARN_CONSTANT_CONVERSION = YES;
				CLANG_WARN_DIRECT_OBJC_ISA_USAGE = YES_ERROR;
				CLANG_WARN_DOCUMENTATION_COMMENTS = YES;
				CLANG_WARN_EMPTY_BODY = YES;
				CLANG_WARN_ENUM_CONVERSION = YES;
				CLANG_WARN_INFINITE_RECURSION = YES;
				CLANG_WARN_INT_CONVERSION = YES;
				CLANG_WARN_OBJC_ROOT_CLASS = YES_ERROR;
				CLANG_WARN_SUSPICIOUS_MOVE = YES;
				CLANG_WARN_UNREACHABLE_CODE = YES;
				CLANG_WARN__DUPLICATE_METHOD_MATCH = YES;
				"CODE_SIGN_IDENTITY[sdk=iphoneos*]" = "iPhone Developer";
				COPY_PHASE_STRIP = NO;
				DEBUG_INFORMATION_FORMAT = "dwarf-with-dsym";
				ENABLE_NS_ASSERTIONS = NO;
				ENABLE_STRICT_OBJC_MSGSEND = YES;
				GCC_C_LANGUAGE_STANDARD = gnu99;
				GCC_NO_COMMON_BLOCKS = YES;
				GCC_WARN_64_TO_32_BIT_CONVERSION = YES;
				GCC_WARN_ABOUT_RETURN_TYPE = YES_ERROR;
				GCC_WARN_UNDECLARED_SELECTOR = YES;
				GCC_WARN_UNINITIALIZED_AUTOS = YES_AGGRESSIVE;
				GCC_WARN_UNUSED_FUNCTION = YES;
				GCC_WARN_UNUSED_VARIABLE = YES;
				IPHONEOS_DEPLOYMENT_TARGET = 10.0;
				MTL_ENABLE_DEBUG_INFO = NO;
				SDKROOT = iphoneos;
				SWIFT_OPTIMIZATION_LEVEL = "-Owholemodule";
				TARGETED_DEVICE_FAMILY = "1,2";
				VALIDATE_PRODUCT = YES;
			};
			name = Release;
		};
		5DBFBA8B1EC17B930061FE35 /* Debug */ = {
			isa = XCBuildConfiguration;
			baseConfigurationReference = BB69502731F32516E696A287 /* Pods-MCommerce.debug.xcconfig */;
			buildSettings = {
				ASSETCATALOG_COMPILER_APPICON_NAME = AppIcon;
				"CODE_SIGN_IDENTITY[sdk=iphoneos*]" = "iPhone Developer";
				DEVELOPMENT_TEAM = Q3EM23MFA9;
				ENABLE_BITCODE = NO;
				INFOPLIST_FILE = MCommerce/Info.plist;
				IPHONEOS_DEPLOYMENT_TARGET = 10.0;
				LD_RUNPATH_SEARCH_PATHS = "$(inherited) @executable_path/Frameworks";
				PRODUCT_BUNDLE_IDENTIFIER = com.codeid.mcommerce;
				PRODUCT_NAME = "$(TARGET_NAME)";
				PROVISIONING_PROFILE_SPECIFIER = "";
				SWIFT_VERSION = 3.0;
				TARGETED_DEVICE_FAMILY = 1;
			};
			name = Debug;
		};
		5DBFBA8C1EC17B930061FE35 /* Release */ = {
			isa = XCBuildConfiguration;
			baseConfigurationReference = A7C8A45735443D9941C8C2A1 /* Pods-MCommerce.release.xcconfig */;
			buildSettings = {
				ASSETCATALOG_COMPILER_APPICON_NAME = AppIcon;
				"CODE_SIGN_IDENTITY[sdk=iphoneos*]" = "iPhone Developer";
				DEVELOPMENT_TEAM = Q3EM23MFA9;
				ENABLE_BITCODE = NO;
				INFOPLIST_FILE = MCommerce/Info.plist;
				IPHONEOS_DEPLOYMENT_TARGET = 10.0;
				LD_RUNPATH_SEARCH_PATHS = "$(inherited) @executable_path/Frameworks";
				PRODUCT_BUNDLE_IDENTIFIER = com.codeid.mcommerce;
				PRODUCT_NAME = "$(TARGET_NAME)";
				PROVISIONING_PROFILE_SPECIFIER = "";
				SWIFT_VERSION = 3.0;
				TARGETED_DEVICE_FAMILY = 1;
			};
			name = Release;
		};
		5DBFBA8E1EC17B930061FE35 /* Debug */ = {
			isa = XCBuildConfiguration;
			buildSettings = {
				ALWAYS_EMBED_SWIFT_STANDARD_LIBRARIES = YES;
				BUNDLE_LOADER = "$(TEST_HOST)";
				DEVELOPMENT_TEAM = Q3EM23MFA9;
				INFOPLIST_FILE = MCommerceTests/Info.plist;
				LD_RUNPATH_SEARCH_PATHS = "$(inherited) @executable_path/Frameworks @loader_path/Frameworks";
				PRODUCT_BUNDLE_IDENTIFIER = com.codeid.MCommerceTests;
				PRODUCT_NAME = "$(TARGET_NAME)";
				SWIFT_VERSION = 3.0;
				TEST_HOST = "$(BUILT_PRODUCTS_DIR)/MCommerce.app/MCommerce";
			};
			name = Debug;
		};
		5DBFBA8F1EC17B930061FE35 /* Release */ = {
			isa = XCBuildConfiguration;
			buildSettings = {
				ALWAYS_EMBED_SWIFT_STANDARD_LIBRARIES = YES;
				BUNDLE_LOADER = "$(TEST_HOST)";
				DEVELOPMENT_TEAM = Q3EM23MFA9;
				INFOPLIST_FILE = MCommerceTests/Info.plist;
				LD_RUNPATH_SEARCH_PATHS = "$(inherited) @executable_path/Frameworks @loader_path/Frameworks";
				PRODUCT_BUNDLE_IDENTIFIER = com.codeid.MCommerceTests;
				PRODUCT_NAME = "$(TARGET_NAME)";
				SWIFT_VERSION = 3.0;
				TEST_HOST = "$(BUILT_PRODUCTS_DIR)/MCommerce.app/MCommerce";
			};
			name = Release;
		};
		5DBFBA911EC17B930061FE35 /* Debug */ = {
			isa = XCBuildConfiguration;
			buildSettings = {
				ALWAYS_EMBED_SWIFT_STANDARD_LIBRARIES = YES;
				DEVELOPMENT_TEAM = Q3EM23MFA9;
				INFOPLIST_FILE = MCommerceUITests/Info.plist;
				LD_RUNPATH_SEARCH_PATHS = "$(inherited) @executable_path/Frameworks @loader_path/Frameworks";
				PRODUCT_BUNDLE_IDENTIFIER = com.codeid.MCommerceUITests;
				PRODUCT_NAME = "$(TARGET_NAME)";
				SWIFT_VERSION = 3.0;
				TEST_TARGET_NAME = MCommerce;
			};
			name = Debug;
		};
		5DBFBA921EC17B930061FE35 /* Release */ = {
			isa = XCBuildConfiguration;
			buildSettings = {
				ALWAYS_EMBED_SWIFT_STANDARD_LIBRARIES = YES;
				DEVELOPMENT_TEAM = Q3EM23MFA9;
				INFOPLIST_FILE = MCommerceUITests/Info.plist;
				LD_RUNPATH_SEARCH_PATHS = "$(inherited) @executable_path/Frameworks @loader_path/Frameworks";
				PRODUCT_BUNDLE_IDENTIFIER = com.codeid.MCommerceUITests;
				PRODUCT_NAME = "$(TARGET_NAME)";
				SWIFT_VERSION = 3.0;
				TEST_TARGET_NAME = MCommerce;
			};
			name = Release;
		};
/* End XCBuildConfiguration section */

/* Begin XCConfigurationList section */
		5DBFBA5D1EC17B930061FE35 /* Build configuration list for PBXProject "MCommerce" */ = {
			isa = XCConfigurationList;
			buildConfigurations = (
				5DBFBA881EC17B930061FE35 /* Debug */,
				5DBFBA891EC17B930061FE35 /* Release */,
			);
			defaultConfigurationIsVisible = 0;
			defaultConfigurationName = Release;
		};
		5DBFBA8A1EC17B930061FE35 /* Build configuration list for PBXNativeTarget "MCommerce" */ = {
			isa = XCConfigurationList;
			buildConfigurations = (
				5DBFBA8B1EC17B930061FE35 /* Debug */,
				5DBFBA8C1EC17B930061FE35 /* Release */,
			);
			defaultConfigurationIsVisible = 0;
			defaultConfigurationName = Release;
		};
		5DBFBA8D1EC17B930061FE35 /* Build configuration list for PBXNativeTarget "MCommerceTests" */ = {
			isa = XCConfigurationList;
			buildConfigurations = (
				5DBFBA8E1EC17B930061FE35 /* Debug */,
				5DBFBA8F1EC17B930061FE35 /* Release */,
			);
			defaultConfigurationIsVisible = 0;
			defaultConfigurationName = Release;
		};
		5DBFBA901EC17B930061FE35 /* Build configuration list for PBXNativeTarget "MCommerceUITests" */ = {
			isa = XCConfigurationList;
			buildConfigurations = (
				5DBFBA911EC17B930061FE35 /* Debug */,
				5DBFBA921EC17B930061FE35 /* Release */,
			);
			defaultConfigurationIsVisible = 0;
			defaultConfigurationName = Release;
		};
/* End XCConfigurationList section */
	};
	rootObject = 5DBFBA5A1EC17B930061FE35 /* Project object */;
}
