// !$*UTF8*$!
{
	archiveVersion = 1;
	classes = {
	};
	objectVersion = 46;
	objects = {

/* Begin PBXBuildFile section */
		5DBFBA661EC17B930061FE35 /* AppDelegate.swift in Sources */ = {isa = PBXBuildFile; fileRef = 5DBFBA651EC17B930061FE35 /* AppDelegate.swift */; };
		5DBFBA681EC17B930061FE35 /* ViewController.swift in Sources */ = {isa = PBXBuildFile; fileRef = 5DBFBA671EC17B930061FE35 /* ViewController.swift */; };
		5DBFBA6B1EC17B930061FE35 /* Main.storyboard in Resources */ = {isa = PBXBuildFile; fileRef = 5DBFBA691EC17B930061FE35 /* Main.storyboard */; };
		5DBFBA6D1EC17B930061FE35 /* Assets.xcassets in Resources */ = {isa = PBXBuildFile; fileRef = 5DBFBA6C1EC17B930061FE35 /* Assets.xcassets */; };
		5DBFBA701EC17B930061FE35 /* LaunchScreen.storyboard in Resources */ = {isa = PBXBuildFile; fileRef = 5DBFBA6E1EC17B930061FE35 /* LaunchScreen.storyboard */; };
		5DBFBA7B1EC17B930061FE35 /* MCommerceTests.swift in Sources */ = {isa = PBXBuildFile; fileRef = 5DBFBA7A1EC17B930061FE35 /* MCommerceTests.swift */; };
		5DBFBA861EC17B930061FE35 /* MCommerceUITests.swift in Sources */ = {isa = PBXBuildFile; fileRef = 5DBFBA851EC17B930061FE35 /* MCommerceUITests.swift */; };
/* End PBXBuildFile section */

/* Begin PBXContainerItemProxy section */
		5DBFBA771EC17B930061FE35 /* PBXContainerItemProxy */ = {
			isa = PBXContainerItemProxy;
			containerPortal = 5DBFBA5A1EC17B930061FE35 /* Project object */;
			proxyType = 1;
			remoteGlobalIDString = 5DBFBA611EC17B930061FE35;
			remoteInfo = MCommerce;
		};
		5DBFBA821EC17B930061FE35 /* PBXContainerItemProxy */ = {
			isa = PBXContainerItemProxy;
			containerPortal = 5DBFBA5A1EC17B930061FE35 /* Project object */;
			proxyType = 1;
			remoteGlobalIDString = 5DBFBA611EC17B930061FE35;
			remoteInfo = MCommerce;
		};
/* End PBXContainerItemProxy section */

/* Begin PBXFileReference section */
		5DBFBA621EC17B930061FE35 /* MCommerce.app */ = {isa = PBXFileReference; explicitFileType = wrapper.application; includeInIndex = 0; path = MCommerce.app; sourceTree = BUILT_PRODUCTS_DIR; };
		5DBFBA651EC17B930061FE35 /* AppDelegate.swift */ = {isa = PBXFileReference; lastKnownFileType = sourcecode.swift; path = AppDelegate.swift; sourceTree = "<group>"; };
		5DBFBA671EC17B930061FE35 /* ViewController.swift */ = {isa = PBXFileReference; lastKnownFileType = sourcecode.swift; path = ViewController.swift; sourceTree = "<group>"; };
		5DBFBA6A1EC17B930061FE35 /* Base */ = {isa = PBXFileReference; lastKnownFileType = file.storyboard; name = Base; path = Base.lproj/Main.storyboard; sourceTree = "<group>"; };
		5DBFBA6C1EC17B930061FE35 /* Assets.xcassets */ = {isa = PBXFileReference; lastKnownFileType = folder.assetcatalog; path = Assets.xcassets; sourceTree = "<group>"; };
		5DBFBA6F1EC17B930061FE35 /* Base */ = {isa = PBXFileReference; lastKnownFileType = file.storyboard; name = Base; path = Base.lproj/LaunchScreen.storyboard; sourceTree = "<group>"; };
		5DBFBA711EC17B930061FE35 /* Info.plist */ = {isa = PBXFileReference; lastKnownFileType = text.plist.xml; path = Info.plist; sourceTree = "<group>"; };
		5DBFBA761EC17B930061FE35 /* MCommerceTests.xctest */ = {isa = PBXFileReference; explicitFileType = wrapper.cfbundle; includeInIndex = 0; path = MCommerceTests.xctest; sourceTree = BUILT_PRODUCTS_DIR; };
		5DBFBA7A1EC17B930061FE35 /* MCommerceTests.swift */ = {isa = PBXFileReference; lastKnownFileType = sourcecode.swift; path = MCommerceTests.swift; sourceTree = "<group>"; };
		5DBFBA7C1EC17B930061FE35 /* Info.plist */ = {isa = PBXFileReference; lastKnownFileType = text.plist.xml; path = Info.plist; sourceTree = "<group>"; };
		5DBFBA811EC17B930061FE35 /* MCommerceUITests.xctest */ = {isa = PBXFileReference; explicitFileType = wrapper.cfbundle; includeInIndex = 0; path = MCommerceUITests.xctest; sourceTree = BUILT_PRODUCTS_DIR; };
		5DBFBA851EC17B930061FE35 /* MCommerceUITests.swift */ = {isa = PBXFileReference; lastKnownFileType = sourcecode.swift; path = MCommerceUITests.swift; sourceTree = "<group>"; };
		5DBFBA871EC17B930061FE35 /* Info.plist */ = {isa = PBXFileReference; lastKnownFileType = text.plist.xml; path = Info.plist; sourceTree = "<group>"; };
/* End PBXFileReference section */

/* Begin PBXFrameworksBuildPhase section */
		5DBFBA5F1EC17B930061FE35 /* Frameworks */ = {
			isa = PBXFrameworksBuildPhase;
			buildActionMask = 2147483647;
			files = (
			);
			runOnlyForDeploymentPostprocessing = 0;
		};
		5DBFBA731EC17B930061FE35 /* Frameworks */ = {
			isa = PBXFrameworksBuildPhase;
			buildActionMask = 2147483647;
			files = (
			);
			runOnlyForDeploymentPostprocessing = 0;
		};
		5DBFBA7E1EC17B930061FE35 /* Frameworks */ = {
			isa = PBXFrameworksBuildPhase;
			buildActionMask = 2147483647;
			files = (
			);
			runOnlyForDeploymentPostprocessing = 0;
		};
/* End PBXFrameworksBuildPhase section */

/* Begin PBXGroup section */
		5DBFBA591EC17B930061FE35 = {
			isa = PBXGroup;
			children = (
				5DBFBA641EC17B930061FE35 /* MCommerce */,
				5DBFBA791EC17B930061FE35 /* MCommerceTests */,
				5DBFBA841EC17B930061FE35 /* MCommerceUITests */,
				5DBFBA631EC17B930061FE35 /* Products */,
			);
			sourceTree = "<group>";
		};
		5DBFBA631EC17B930061FE35 /* Products */ = {
			isa = PBXGroup;
			children = (
				5DBFBA621EC17B930061FE35 /* MCommerce.app */,
				5DBFBA761EC17B930061FE35 /* MCommerceTests.xctest */,
				5DBFBA811EC17B930061FE35 /* MCommerceUITests.xctest */,
			);
			name = Products;
			sourceTree = "<group>";
		};
		5DBFBA641EC17B930061FE35 /* MCommerce */ = {
			isa = PBXGroup;
			children = (
				5DBFBA651EC17B930061FE35 /* AppDelegate.swift */,
				5DBFBA671EC17B930061FE35 /* ViewController.swift */,
				5DBFBA691EC17B930061FE35 /* Main.storyboard */,
				5DBFBA6C1EC17B930061FE35 /* Assets.xcassets */,
				5DBFBA6E1EC17B930061FE35 /* LaunchScreen.storyboard */,
				5DBFBA711EC17B930061FE35 /* Info.plist */,
			);
			path = MCommerce;
			sourceTree = "<group>";
		};
		5DBFBA791EC17B930061FE35 /* MCommerceTests */ = {
			isa = PBXGroup;
			children = (
				5DBFBA7A1EC17B930061FE35 /* MCommerceTests.swift */,
				5DBFBA7C1EC17B930061FE35 /* Info.plist */,
			);
			path = MCommerceTests;
			sourceTree = "<group>";
		};
		5DBFBA841EC17B930061FE35 /* MCommerceUITests */ = {
			isa = PBXGroup;
			children = (
				5DBFBA851EC17B930061FE35 /* MCommerceUITests.swift */,
				5DBFBA871EC17B930061FE35 /* Info.plist */,
			);
			path = MCommerceUITests;
			sourceTree = "<group>";
		};
/* End PBXGroup section */

/* Begin PBXNativeTarget section */
		5DBFBA611EC17B930061FE35 /* MCommerce */ = {
			isa = PBXNativeTarget;
			buildConfigurationList = 5DBFBA8A1EC17B930061FE35 /* Build configuration list for PBXNativeTarget "MCommerce" */;
			buildPhases = (
				5DBFBA5E1EC17B930061FE35 /* Sources */,
				5DBFBA5F1EC17B930061FE35 /* Frameworks */,
				5DBFBA601EC17B930061FE35 /* Resources */,
			);
			buildRules = (
			);
			dependencies = (
			);
			name = MCommerce;
			productName = MCommerce;
			productReference = 5DBFBA621EC17B930061FE35 /* MCommerce.app */;
			productType = "com.apple.product-type.application";
		};
		5DBFBA751EC17B930061FE35 /* MCommerceTests */ = {
			isa = PBXNativeTarget;
			buildConfigurationList = 5DBFBA8D1EC17B930061FE35 /* Build configuration list for PBXNativeTarget "MCommerceTests" */;
			buildPhases = (
				5DBFBA721EC17B930061FE35 /* Sources */,
				5DBFBA731EC17B930061FE35 /* Frameworks */,
				5DBFBA741EC17B930061FE35 /* Resources */,
			);
			buildRules = (
			);
			dependencies = (
				5DBFBA781EC17B930061FE35 /* PBXTargetDependency */,
			);
			name = MCommerceTests;
			productName = MCommerceTests;
			productReference = 5DBFBA761EC17B930061FE35 /* MCommerceTests.xctest */;
			productType = "com.apple.product-type.bundle.unit-test";
		};
		5DBFBA801EC17B930061FE35 /* MCommerceUITests */ = {
			isa = PBXNativeTarget;
			buildConfigurationList = 5DBFBA901EC17B930061FE35 /* Build configuration list for PBXNativeTarget "MCommerceUITests" */;
			buildPhases = (
				5DBFBA7D1EC17B930061FE35 /* Sources */,
				5DBFBA7E1EC17B930061FE35 /* Frameworks */,
				5DBFBA7F1EC17B930061FE35 /* Resources */,
			);
			buildRules = (
			);
			dependencies = (
				5DBFBA831EC17B930061FE35 /* PBXTargetDependency */,
			);
			name = MCommerceUITests;
			productName = MCommerceUITests;
			productReference = 5DBFBA811EC17B930061FE35 /* MCommerceUITests.xctest */;
			productType = "com.apple.product-type.bundle.ui-testing";
		};
/* End PBXNativeTarget section */

/* Begin PBXProject section */
		5DBFBA5A1EC17B930061FE35 /* Project object */ = {
			isa = PBXProject;
			attributes = {
				LastSwiftUpdateCheck = 0830;
				LastUpgradeCheck = 0830;
				ORGANIZATIONNAME = "Ambar Septian";
				TargetAttributes = {
					5DBFBA611EC17B930061FE35 = {
						CreatedOnToolsVersion = 8.3.2;
						DevelopmentTeam = Q3EM23MFA9;
						ProvisioningStyle = Automatic;
					};
					5DBFBA751EC17B930061FE35 = {
						CreatedOnToolsVersion = 8.3.2;
						DevelopmentTeam = Q3EM23MFA9;
						ProvisioningStyle = Automatic;
						TestTargetID = 5DBFBA611EC17B930061FE35;
					};
					5DBFBA801EC17B930061FE35 = {
						CreatedOnToolsVersion = 8.3.2;
						DevelopmentTeam = Q3EM23MFA9;
						ProvisioningStyle = Automatic;
						TestTargetID = 5DBFBA611EC17B930061FE35;
					};
				};
			};
			buildConfigurationList = 5DBFBA5D1EC17B930061FE35 /* Build configuration list for PBXProject "MCommerce" */;
			compatibilityVersion = "Xcode 3.2";
			developmentRegion = English;
			hasScannedForEncodings = 0;
			knownRegions = (
				en,
				Base,
			);
			mainGroup = 5DBFBA591EC17B930061FE35;
			productRefGroup = 5DBFBA631EC17B930061FE35 /* Products */;
			projectDirPath = "";
			projectRoot = "";
			targets = (
				5DBFBA611EC17B930061FE35 /* MCommerce */,
				5DBFBA751EC17B930061FE35 /* MCommerceTests */,
				5DBFBA801EC17B930061FE35 /* MCommerceUITests */,
			);
		};
/* End PBXProject section */

/* Begin PBXResourcesBuildPhase section */
		5DBFBA601EC17B930061FE35 /* Resources */ = {
			isa = PBXResourcesBuildPhase;
			buildActionMask = 2147483647;
			files = (
				5DBFBA701EC17B930061FE35 /* LaunchScreen.storyboard in Resources */,
				5DBFBA6D1EC17B930061FE35 /* Assets.xcassets in Resources */,
				5DBFBA6B1EC17B930061FE35 /* Main.storyboard in Resources */,
			);
			runOnlyForDeploymentPostprocessing = 0;
		};
		5DBFBA741EC17B930061FE35 /* Resources */ = {
			isa = PBXResourcesBuildPhase;
			buildActionMask = 2147483647;
			files = (
			);
			runOnlyForDeploymentPostprocessing = 0;
		};
		5DBFBA7F1EC17B930061FE35 /* Resources */ = {
			isa = PBXResourcesBuildPhase;
			buildActionMask = 2147483647;
			files = (
			);
			runOnlyForDeploymentPostprocessing = 0;
		};
/* End PBXResourcesBuildPhase section */

/* Begin PBXSourcesBuildPhase section */
		5DBFBA5E1EC17B930061FE35 /* Sources */ = {
			isa = PBXSourcesBuildPhase;
			buildActionMask = 2147483647;
			files = (
				5DBFBA681EC17B930061FE35 /* ViewController.swift in Sources */,
				5DBFBA661EC17B930061FE35 /* AppDelegate.swift in Sources */,
			);
			runOnlyForDeploymentPostprocessing = 0;
		};
		5DBFBA721EC17B930061FE35 /* Sources */ = {
			isa = PBXSourcesBuildPhase;
			buildActionMask = 2147483647;
			files = (
				5DBFBA7B1EC17B930061FE35 /* MCommerceTests.swift in Sources */,
			);
			runOnlyForDeploymentPostprocessing = 0;
		};
		5DBFBA7D1EC17B930061FE35 /* Sources */ = {
			isa = PBXSourcesBuildPhase;
			buildActionMask = 2147483647;
			files = (
				5DBFBA861EC17B930061FE35 /* MCommerceUITests.swift in Sources */,
			);
			runOnlyForDeploymentPostprocessing = 0;
		};
/* End PBXSourcesBuildPhase section */

/* Begin PBXTargetDependency section */
		5DBFBA781EC17B930061FE35 /* PBXTargetDependency */ = {
			isa = PBXTargetDependency;
			target = 5DBFBA611EC17B930061FE35 /* MCommerce */;
			targetProxy = 5DBFBA771EC17B930061FE35 /* PBXContainerItemProxy */;
		};
		5DBFBA831EC17B930061FE35 /* PBXTargetDependency */ = {
			isa = PBXTargetDependency;
			target = 5DBFBA611EC17B930061FE35 /* MCommerce */;
			targetProxy = 5DBFBA821EC17B930061FE35 /* PBXContainerItemProxy */;
		};
/* End PBXTargetDependency section */

/* Begin PBXVariantGroup section */
		5DBFBA691EC17B930061FE35 /* Main.storyboard */ = {
			isa = PBXVariantGroup;
			children = (
				5DBFBA6A1EC17B930061FE35 /* Base */,
			);
			name = Main.storyboard;
			sourceTree = "<group>";
		};
		5DBFBA6E1EC17B930061FE35 /* LaunchScreen.storyboard */ = {
			isa = PBXVariantGroup;
			children = (
				5DBFBA6F1EC17B930061FE35 /* Base */,
			);
			name = LaunchScreen.storyboard;
			sourceTree = "<group>";
		};
/* End PBXVariantGroup section */

/* Begin XCBuildConfiguration section */
		5DBFBA881EC17B930061FE35 /* Debug */ = {
			isa = XCBuildConfiguration;
			buildSettings = {
				ALWAYS_SEARCH_USER_PATHS = NO;
				CLANG_ANALYZER_NONNULL = YES;
				CLANG_ANALYZER_NUMBER_OBJECT_CONVERSION = YES_AGGRESSIVE;
				CLANG_CXX_LANGUAGE_STANDARD = "gnu++0x";
				CLANG_CXX_LIBRARY = "libc++";
				CLANG_ENABLE_MODULES = YES;
				CLANG_ENABLE_OBJC_ARC = YES;
				CLANG_WARN_BOOL_CONVERSION = YES;
				CLANG_WARN_CONSTANT_CONVERSION = YES;
				CLANG_WARN_DIRECT_OBJC_ISA_USAGE = YES_ERROR;
				CLANG_WARN_DOCUMENTATION_COMMENTS = YES;
				CLANG_WARN_EMPTY_BODY = YES;
				CLANG_WARN_ENUM_CONVERSION = YES;
				CLANG_WARN_INFINITE_RECURSION = YES;
				CLANG_WARN_INT_CONVERSION = YES;
				CLANG_WARN_OBJC_ROOT_CLASS = YES_ERROR;
				CLANG_WARN_SUSPICIOUS_MOVE = YES;
				CLANG_WARN_UNREACHABLE_CODE = YES;
				CLANG_WARN__DUPLICATE_METHOD_MATCH = YES;
				"CODE_SIGN_IDENTITY[sdk=iphoneos*]" = "iPhone Developer";
				COPY_PHASE_STRIP = NO;
				DEBUG_INFORMATION_FORMAT = dwarf;
				ENABLE_STRICT_OBJC_MSGSEND = YES;
				ENABLE_TESTABILITY = YES;
				GCC_C_LANGUAGE_STANDARD = gnu99;
				GCC_DYNAMIC_NO_PIC = NO;
				GCC_NO_COMMON_BLOCKS = YES;
				GCC_OPTIMIZATION_LEVEL = 0;
				GCC_PREPROCESSOR_DEFINITIONS = (
					"DEBUG=1",
					"$(inherited)",
				);
				GCC_WARN_64_TO_32_BIT_CONVERSION = YES;
				GCC_WARN_ABOUT_RETURN_TYPE = YES_ERROR;
				GCC_WARN_UNDECLARED_SELECTOR = YES;
				GCC_WARN_UNINITIALIZED_AUTOS = YES_AGGRESSIVE;
				GCC_WARN_UNUSED_FUNCTION = YES;
				GCC_WARN_UNUSED_VARIABLE = YES;
				IPHONEOS_DEPLOYMENT_TARGET = 10.3;
				MTL_ENABLE_DEBUG_INFO = YES;
				ONLY_ACTIVE_ARCH = YES;
				SDKROOT = iphoneos;
				SWIFT_ACTIVE_COMPILATION_CONDITIONS = DEBUG;
				SWIFT_OPTIMIZATION_LEVEL = "-Onone";
				TARGETED_DEVICE_FAMILY = "1,2";
			};
			name = Debug;
		};
		5DBFBA891EC17B930061FE35 /* Release */ = {
			isa = XCBuildConfiguration;
			buildSettings = {
				ALWAYS_SEARCH_USER_PATHS = NO;
				CLANG_ANALYZER_NONNULL = YES;
				CLANG_ANALYZER_NUMBER_OBJECT_CONVERSION = YES_AGGRESSIVE;
				CLANG_CXX_LANGUAGE_STANDARD = "gnu++0x";
				CLANG_CXX_LIBRARY = "libc++";
				CLANG_ENABLE_MODULES = YES;
				CLANG_ENABLE_OBJC_ARC = YES;
				CLANG_WARN_BOOL_CONVERSION = YES;
				CLANG_WARN_CONSTANT_CONVERSION = YES;
				CLANG_WARN_DIRECT_OBJC_ISA_USAGE = YES_ERROR;
				CLANG_WARN_DOCUMENTATION_COMMENTS = YES;
				CLANG_WARN_EMPTY_BODY = YES;
				CLANG_WARN_ENUM_CONVERSION = YES;
				CLANG_WARN_INFINITE_RECURSION = YES;
				CLANG_WARN_INT_CONVERSION = YES;
				CLANG_WARN_OBJC_ROOT_CLASS = YES_ERROR;
				CLANG_WARN_SUSPICIOUS_MOVE = YES;
				CLANG_WARN_UNREACHABLE_CODE = YES;
				CLANG_WARN__DUPLICATE_METHOD_MATCH = YES;
				"CODE_SIGN_IDENTITY[sdk=iphoneos*]" = "iPhone Developer";
				COPY_PHASE_STRIP = NO;
				DEBUG_INFORMATION_FORMAT = "dwarf-with-dsym";
				ENABLE_NS_ASSERTIONS = NO;
				ENABLE_STRICT_OBJC_MSGSEND = YES;
				GCC_C_LANGUAGE_STANDARD = gnu99;
				GCC_NO_COMMON_BLOCKS = YES;
				GCC_WARN_64_TO_32_BIT_CONVERSION = YES;
				GCC_WARN_ABOUT_RETURN_TYPE = YES_ERROR;
				GCC_WARN_UNDECLARED_SELECTOR = YES;
				GCC_WARN_UNINITIALIZED_AUTOS = YES_AGGRESSIVE;
				GCC_WARN_UNUSED_FUNCTION = YES;
				GCC_WARN_UNUSED_VARIABLE = YES;
				IPHONEOS_DEPLOYMENT_TARGET = 10.3;
				MTL_ENABLE_DEBUG_INFO = NO;
				SDKROOT = iphoneos;
				SWIFT_OPTIMIZATION_LEVEL = "-Owholemodule";
				TARGETED_DEVICE_FAMILY = "1,2";
				VALIDATE_PRODUCT = YES;
			};
			name = Release;
		};
		5DBFBA8B1EC17B930061FE35 /* Debug */ = {
			isa = XCBuildConfiguration;
			buildSettings = {
				ASSETCATALOG_COMPILER_APPICON_NAME = AppIcon;
				DEVELOPMENT_TEAM = Q3EM23MFA9;
				INFOPLIST_FILE = MCommerce/Info.plist;
				LD_RUNPATH_SEARCH_PATHS = "$(inherited) @executable_path/Frameworks";
				PRODUCT_BUNDLE_IDENTIFIER = com.codeid.MCommerce;
				PRODUCT_NAME = "$(TARGET_NAME)";
				SWIFT_VERSION = 3.0;
			};
			name = Debug;
		};
		5DBFBA8C1EC17B930061FE35 /* Release */ = {
			isa = XCBuildConfiguration;
			buildSettings = {
				ASSETCATALOG_COMPILER_APPICON_NAME = AppIcon;
				DEVELOPMENT_TEAM = Q3EM23MFA9;
				INFOPLIST_FILE = MCommerce/Info.plist;
				LD_RUNPATH_SEARCH_PATHS = "$(inherited) @executable_path/Frameworks";
				PRODUCT_BUNDLE_IDENTIFIER = com.codeid.MCommerce;
				PRODUCT_NAME = "$(TARGET_NAME)";
				SWIFT_VERSION = 3.0;
			};
			name = Release;
		};
		5DBFBA8E1EC17B930061FE35 /* Debug */ = {
			isa = XCBuildConfiguration;
			buildSettings = {
				ALWAYS_EMBED_SWIFT_STANDARD_LIBRARIES = YES;
				BUNDLE_LOADER = "$(TEST_HOST)";
				DEVELOPMENT_TEAM = Q3EM23MFA9;
				INFOPLIST_FILE = MCommerceTests/Info.plist;
				LD_RUNPATH_SEARCH_PATHS = "$(inherited) @executable_path/Frameworks @loader_path/Frameworks";
				PRODUCT_BUNDLE_IDENTIFIER = com.codeid.MCommerceTests;
				PRODUCT_NAME = "$(TARGET_NAME)";
				SWIFT_VERSION = 3.0;
				TEST_HOST = "$(BUILT_PRODUCTS_DIR)/MCommerce.app/MCommerce";
			};
			name = Debug;
		};
		5DBFBA8F1EC17B930061FE35 /* Release */ = {
			isa = XCBuildConfiguration;
			buildSettings = {
				ALWAYS_EMBED_SWIFT_STANDARD_LIBRARIES = YES;
				BUNDLE_LOADER = "$(TEST_HOST)";
				DEVELOPMENT_TEAM = Q3EM23MFA9;
				INFOPLIST_FILE = MCommerceTests/Info.plist;
				LD_RUNPATH_SEARCH_PATHS = "$(inherited) @executable_path/Frameworks @loader_path/Frameworks";
				PRODUCT_BUNDLE_IDENTIFIER = com.codeid.MCommerceTests;
				PRODUCT_NAME = "$(TARGET_NAME)";
				SWIFT_VERSION = 3.0;
				TEST_HOST = "$(BUILT_PRODUCTS_DIR)/MCommerce.app/MCommerce";
			};
			name = Release;
		};
		5DBFBA911EC17B930061FE35 /* Debug */ = {
			isa = XCBuildConfiguration;
			buildSettings = {
				ALWAYS_EMBED_SWIFT_STANDARD_LIBRARIES = YES;
				DEVELOPMENT_TEAM = Q3EM23MFA9;
				INFOPLIST_FILE = MCommerceUITests/Info.plist;
				LD_RUNPATH_SEARCH_PATHS = "$(inherited) @executable_path/Frameworks @loader_path/Frameworks";
				PRODUCT_BUNDLE_IDENTIFIER = com.codeid.MCommerceUITests;
				PRODUCT_NAME = "$(TARGET_NAME)";
				SWIFT_VERSION = 3.0;
				TEST_TARGET_NAME = MCommerce;
			};
			name = Debug;
		};
		5DBFBA921EC17B930061FE35 /* Release */ = {
			isa = XCBuildConfiguration;
			buildSettings = {
				ALWAYS_EMBED_SWIFT_STANDARD_LIBRARIES = YES;
				DEVELOPMENT_TEAM = Q3EM23MFA9;
				INFOPLIST_FILE = MCommerceUITests/Info.plist;
				LD_RUNPATH_SEARCH_PATHS = "$(inherited) @executable_path/Frameworks @loader_path/Frameworks";
				PRODUCT_BUNDLE_IDENTIFIER = com.codeid.MCommerceUITests;
				PRODUCT_NAME = "$(TARGET_NAME)";
				SWIFT_VERSION = 3.0;
				TEST_TARGET_NAME = MCommerce;
			};
			name = Release;
		};
/* End XCBuildConfiguration section */

/* Begin XCConfigurationList section */
		5DBFBA5D1EC17B930061FE35 /* Build configuration list for PBXProject "MCommerce" */ = {
			isa = XCConfigurationList;
			buildConfigurations = (
				5DBFBA881EC17B930061FE35 /* Debug */,
				5DBFBA891EC17B930061FE35 /* Release */,
			);
			defaultConfigurationIsVisible = 0;
			defaultConfigurationName = Release;
		};
		5DBFBA8A1EC17B930061FE35 /* Build configuration list for PBXNativeTarget "MCommerce" */ = {
			isa = XCConfigurationList;
			buildConfigurations = (
				5DBFBA8B1EC17B930061FE35 /* Debug */,
				5DBFBA8C1EC17B930061FE35 /* Release */,
			);
			defaultConfigurationIsVisible = 0;
		};
		5DBFBA8D1EC17B930061FE35 /* Build configuration list for PBXNativeTarget "MCommerceTests" */ = {
			isa = XCConfigurationList;
			buildConfigurations = (
				5DBFBA8E1EC17B930061FE35 /* Debug */,
				5DBFBA8F1EC17B930061FE35 /* Release */,
			);
			defaultConfigurationIsVisible = 0;
		};
		5DBFBA901EC17B930061FE35 /* Build configuration list for PBXNativeTarget "MCommerceUITests" */ = {
			isa = XCConfigurationList;
			buildConfigurations = (
				5DBFBA911EC17B930061FE35 /* Debug */,
				5DBFBA921EC17B930061FE35 /* Release */,
			);
			defaultConfigurationIsVisible = 0;
		};
/* End XCConfigurationList section */
	};
	rootObject = 5DBFBA5A1EC17B930061FE35 /* Project object */;
}
